# Generated by conda-lock.
# platform: linux-64
# input_hash: d1dc851237ed888e1d78d767f944c21f8e5823b4a68e3b2e30f927def5b6869a
@EXPLICIT
https://conda.anaconda.org/conda-forge/linux-64/_libgcc_mutex-0.1-conda_forge.tar.bz2#d7c89558ba9fa0495403155b64376d81
https://conda.anaconda.org/conda-forge/linux-64/ca-certificates-2021.10.8-ha878542_0.tar.bz2#575611b8a84f45960e87722eeb51fa26
https://conda.anaconda.org/conda-forge/linux-64/ld_impl_linux-64-2.36.1-hea4e1c9_2.tar.bz2#bd4f2e711b39af170e7ff15163fe87ee
https://conda.anaconda.org/conda-forge/linux-64/libgfortran5-11.2.0-h5c6108e_12.tar.bz2#f547bf125ab234cec9c89491b262fc2f
https://conda.anaconda.org/conda-forge/linux-64/libstdcxx-ng-11.2.0-he4da1e4_12.tar.bz2#7ff3b832ba5e6918c0d026976359d065
https://conda.anaconda.org/conda-forge/linux-64/mpi-1.0-mpich.tar.bz2#c1fcff3417b5a22bbc4cf6e8c23648cf
https://conda.anaconda.org/conda-forge/linux-64/libgfortran-ng-11.2.0-h69a702a_12.tar.bz2#33c165be455015cc74e8d857182f3f58
https://conda.anaconda.org/conda-forge/linux-64/libgomp-11.2.0-h1d223b6_12.tar.bz2#763c5ec8116d984b4a33342236d7da36
https://conda.anaconda.org/conda-forge/linux-64/_openmp_mutex-4.5-1_gnu.tar.bz2#561e277319a41d4f24f5c05a9ef63c04
https://conda.anaconda.org/conda-forge/linux-64/libgcc-ng-11.2.0-h1d223b6_12.tar.bz2#d34efbb8d7d6312c816b4bb647b818b1
https://conda.anaconda.org/conda-forge/linux-64/bzip2-1.0.8-h7f98852_4.tar.bz2#a1fd65c7ccbf10880423d82bca54eb54
https://conda.anaconda.org/conda-forge/linux-64/c-ares-1.18.1-h7f98852_0.tar.bz2#f26ef8098fab1f719c91eb760d63381a
https://conda.anaconda.org/conda-forge/linux-64/expat-2.4.4-h9c3ff4c_0.tar.bz2#3cedab1fd76644efd516e1b271f2da95
https://conda.anaconda.org/conda-forge/linux-64/geos-3.9.1-h9c3ff4c_2.tar.bz2#b9a6d9422aed3ad84ec6ccee9bfcaa0f
https://conda.anaconda.org/conda-forge/linux-64/jbig-2.1-h7f98852_2003.tar.bz2#1aa0cee79792fa97b7ff4545110b60bf
https://conda.anaconda.org/conda-forge/linux-64/jpeg-9e-h7f98852_0.tar.bz2#5c214edc675a7fb7cbb34b1d854e5141
https://conda.anaconda.org/conda-forge/linux-64/lerc-3.0-h9c3ff4c_0.tar.bz2#7fcefde484980d23f0ec24c11e314d2e
https://conda.anaconda.org/conda-forge/linux-64/libdeflate-1.10-h7f98852_0.tar.bz2#ffa3a757a97e851293909b49f49f28fb
https://conda.anaconda.org/conda-forge/linux-64/libev-4.33-h516909a_1.tar.bz2#6f8720dff19e17ce5d48cfe7f3d2f0a3
https://conda.anaconda.org/conda-forge/linux-64/libffi-3.4.2-h7f98852_5.tar.bz2#d645c6d2ac96843a2bfaccd2d62b3ac3
https://conda.anaconda.org/conda-forge/linux-64/libnsl-2.0.0-h7f98852_0.tar.bz2#39b1328babf85c7c3a61636d9cd50206
https://conda.anaconda.org/conda-forge/linux-64/libopenblas-0.3.18-pthreads_h8fe5266_0.tar.bz2#41532e4448c0cce086d6570f95e4e12e
https://conda.anaconda.org/conda-forge/linux-64/libwebp-base-1.2.2-h7f98852_1.tar.bz2#46cf26ecc8775a0aab300ea1821aaa3c
https://conda.anaconda.org/conda-forge/linux-64/libzlib-1.2.11-h36c2ea0_1013.tar.bz2#dcddf696ff5dfcab567100d691678e18
https://conda.anaconda.org/conda-forge/linux-64/lz4-c-1.9.3-h9c3ff4c_1.tar.bz2#fbe97e8fa6f275d7c76a09e795adc3e6
https://conda.anaconda.org/conda-forge/linux-64/mpich-3.4.3-h846660c_100.tar.bz2#1bb747e2de717cb9a6501d72539d6556
https://conda.anaconda.org/conda-forge/linux-64/ncurses-6.3-h9c3ff4c_0.tar.bz2#fb31bcb7af058244479ca635d20f0f4a
https://conda.anaconda.org/conda-forge/linux-64/openssl-1.1.1l-h7f98852_0.tar.bz2#de7b38a1542dbe6f41653a8ae71adc53
https://conda.anaconda.org/conda-forge/linux-64/xxhash-0.8.0-h7f98852_3.tar.bz2#52402c791f35e414e704b7a113f99605
https://conda.anaconda.org/conda-forge/linux-64/xz-5.2.5-h516909a_1.tar.bz2#33f601066901f3e1a85af3522a8113f9
https://conda.anaconda.org/conda-forge/linux-64/yaml-0.2.5-h7f98852_2.tar.bz2#4cb3ad778ec2d5a7acbdf254eb1c42ae
https://conda.anaconda.org/conda-forge/linux-64/libblas-3.9.0-13_linux64_openblas.tar.bz2#8a4038563ed92dfa622bd72c0d8f31d3
https://conda.anaconda.org/conda-forge/linux-64/libedit-3.1.20191231-he28a2e2_2.tar.bz2#4d331e44109e3f0e19b4cb8f9b82f3e1
https://conda.anaconda.org/conda-forge/linux-64/readline-8.1-h46c0cb4_0.tar.bz2#5788de3c8d7a7d64ac56c784c4ef48e6
https://conda.anaconda.org/conda-forge/linux-64/tk-8.6.12-h27826a3_0.tar.bz2#5b8c42eb62e9fc961af70bdd6a26e168
https://conda.anaconda.org/conda-forge/linux-64/udunits2-2.2.28-hc3e0081_0.tar.bz2#d4c341e0379c31e9e781d4f204726867
https://conda.anaconda.org/conda-forge/linux-64/zlib-1.2.11-h36c2ea0_1013.tar.bz2#cf7190238072a41e9579e4476a6a60b8
https://conda.anaconda.org/conda-forge/linux-64/zstd-1.5.2-ha95c52a_0.tar.bz2#5222b231b1ef49a7f60d40b363469b70
https://conda.anaconda.org/conda-forge/linux-64/hdf4-4.2.15-h10796ff_3.tar.bz2#21a8d66dc17f065023b33145c42652fe
https://conda.anaconda.org/conda-forge/linux-64/krb5-1.19.2-hcc1bbae_3.tar.bz2#e29650992ae593bc05fc93722483e5c3
https://conda.anaconda.org/conda-forge/linux-64/libcblas-3.9.0-13_linux64_openblas.tar.bz2#b17676dbd6688396c3a3076259fb7907
https://conda.anaconda.org/conda-forge/linux-64/liblapack-3.9.0-13_linux64_openblas.tar.bz2#018b80e8f21d8560ae4961567e3e00c9
https://conda.anaconda.org/conda-forge/linux-64/libnghttp2-1.46.0-h812cca2_0.tar.bz2#507fa47e9075f889af8e8b72925379be
https://conda.anaconda.org/conda-forge/linux-64/libpng-1.6.37-h21135ba_2.tar.bz2#b6acf807307d033d4b7e758b4f44b036
https://conda.anaconda.org/conda-forge/linux-64/libssh2-1.10.0-ha56f1ee_2.tar.bz2#6ab4eaa11ff01801cffca0a27489dc04
https://conda.anaconda.org/conda-forge/linux-64/libtiff-4.3.0-h542a066_3.tar.bz2#1a0efb4dfd880b0376da8e1ba39fa838
https://conda.anaconda.org/conda-forge/linux-64/libzip-1.8.0-h4de3113_1.tar.bz2#175a746a43d42c053b91aa765fbc197d
https://conda.anaconda.org/conda-forge/linux-64/sqlite-3.37.0-h9cd32fc_0.tar.bz2#eb66fc098824d25518a79e83d12a81d6
https://conda.anaconda.org/conda-forge/linux-64/freetype-2.10.4-h0708190_1.tar.bz2#4a06f2ac2e5bfae7b6b245171c3f07aa
https://conda.anaconda.org/conda-forge/linux-64/lcms2-2.12-hddcbb42_0.tar.bz2#797117394a4aa588de6d741b06fad80f
https://conda.anaconda.org/conda-forge/linux-64/libcurl-7.81.0-h2574ce0_0.tar.bz2#1f8655741d0269ca6756f131522da1e8
https://conda.anaconda.org/conda-forge/linux-64/openjpeg-2.4.0-hb52868f_1.tar.bz2#b7ad78ad2e9ee155f59e6428406ee824
https://conda.anaconda.org/conda-forge/linux-64/python-3.6.15-hb7a2778_0_cpython.tar.bz2#2263dbd2d8116aa8dd974602faabb1a2
https://conda.anaconda.org/conda-forge/noarch/appdirs-1.4.4-pyh9f0ad1d_0.tar.bz2#5f095bc6454094e96f146491fd03633b
https://conda.anaconda.org/conda-forge/noarch/attrs-21.4.0-pyhd8ed1ab_0.tar.bz2#f70280205d7044c8b8358c8de3190e5d
https://conda.anaconda.org/conda-forge/noarch/cfgv-3.3.1-pyhd8ed1ab_0.tar.bz2#ebb5f5f7dc4f1a3780ef7ea7738db08c
https://conda.anaconda.org/conda-forge/noarch/charset-normalizer-2.0.12-pyhd8ed1ab_0.tar.bz2#1f5b32dabae0f1893ae3283dac7f799e
https://conda.anaconda.org/conda-forge/linux-64/curl-7.81.0-h2574ce0_0.tar.bz2#3a95d393b490f82aa406f1892fad84d9
https://conda.anaconda.org/conda-forge/noarch/cycler-0.11.0-pyhd8ed1ab_0.tar.bz2#a50559fad0affdbb33729a68669ca1cb
https://conda.anaconda.org/conda-forge/noarch/dataclasses-0.8-pyh787bdff_2.tar.bz2#ed959a4ba14e6ddfa898630a5474a601
https://conda.anaconda.org/conda-forge/noarch/distlib-0.3.4-pyhd8ed1ab_0.tar.bz2#7b50d840543d9cdae100e91582c33035
https://conda.anaconda.org/conda-forge/noarch/filelock-3.4.1-pyhd8ed1ab_0.tar.bz2#1494e740e30863e58bb8cddf09bcc356
https://conda.anaconda.org/conda-forge/linux-64/hdf5-1.12.1-mpi_mpich_h9c45103_3.tar.bz2#4f1a733e563d27b98010b62888e149c9
https://conda.anaconda.org/conda-forge/noarch/idna-3.3-pyhd8ed1ab_0.tar.bz2#40b50b8b030f5f2f22085c062ed013dd
https://conda.anaconda.org/conda-forge/noarch/iniconfig-1.1.1-pyh9f0ad1d_0.tar.bz2#39161f81cc5e5ca45b8226fbb06c6905
https://conda.anaconda.org/conda-forge/noarch/mccabe-0.6.1-py_1.tar.bz2#a326cb400c1ccd91789f3e7d02124d61
https://conda.anaconda.org/conda-forge/noarch/more-itertools-8.12.0-pyhd8ed1ab_0.tar.bz2#1338809c9c8e56f1b6f69d4b8e0ed7f7
https://conda.anaconda.org/conda-forge/noarch/olefile-0.46-pyh9f0ad1d_1.tar.bz2#0b2e68acc8c78c8cc392b90983481f58
https://conda.anaconda.org/conda-forge/noarch/pathspec-0.9.0-pyhd8ed1ab_0.tar.bz2#f93dc0ccbc0a8472624165f6e256c7d1
https://conda.anaconda.org/conda-forge/linux-64/proj-7.2.0-h277dcde_2.tar.bz2#db654ee11298d3463bad67445707654c
https://conda.anaconda.org/conda-forge/noarch/py-1.11.0-pyh6c4a22f_0.tar.bz2#b4613d7e7a493916d867842a6a148054
https://conda.anaconda.org/conda-forge/noarch/pycodestyle-2.8.0-pyhd8ed1ab_0.tar.bz2#f2532eee272d45b1283ea4869d71f044
https://conda.anaconda.org/conda-forge/noarch/pycparser-2.21-pyhd8ed1ab_0.tar.bz2#076becd9e05608f8dc72757d5f3a91ff
https://conda.anaconda.org/conda-forge/noarch/pyflakes-2.4.0-pyhd8ed1ab_0.tar.bz2#1aa3ecd37d0694e2ea5fef48da75371e
https://conda.anaconda.org/conda-forge/noarch/pyparsing-3.0.7-pyhd8ed1ab_0.tar.bz2#727e2216d9c47455d8ddc060eb2caad9
https://conda.anaconda.org/conda-forge/noarch/pyshp-2.2.0-pyhd8ed1ab_0.tar.bz2#2aa546be05be34b8e1744afd327b623f
https://conda.anaconda.org/conda-forge/linux-64/python_abi-3.6-2_cp36m.tar.bz2#6f5b92d833a339da29ad8578c2a648ad
https://conda.anaconda.org/conda-forge/noarch/six-1.16.0-pyh6c4a22f_0.tar.bz2#e5f25f8dbc060e9a8d912e432202afc2
https://conda.anaconda.org/conda-forge/noarch/snowballstemmer-2.2.0-pyhd8ed1ab_0.tar.bz2#4d22a9315e78c6827f806065957d566e
https://conda.anaconda.org/conda-forge/noarch/toml-0.10.2-pyhd8ed1ab_0.tar.bz2#f832c45a477c78bebd107098db465095
https://conda.anaconda.org/conda-forge/noarch/tomli-1.2.2-pyhd8ed1ab_0.tar.bz2#1c8a2f9ea18c267414e244cee668cd00
https://conda.anaconda.org/conda-forge/noarch/typing_extensions-4.1.1-pyha770c72_0.tar.bz2#74761ba7bc682e9009520163a1031ace
https://conda.anaconda.org/conda-forge/noarch/zipp-3.6.0-pyhd8ed1ab_0.tar.bz2#855e2c4622f5eb50a4f6f7167b9ba17a
https://conda.anaconda.org/conda-forge/linux-64/antlr-python-runtime-4.7.2-py36h5fab9bb_1002.tar.bz2#37df435690656fc56f8b031cd759ef77
https://conda.anaconda.org/conda-forge/linux-64/certifi-2021.5.30-py36h5fab9bb_0.tar.bz2#500e3fb737f9d2023755f78f1f22ca69
https://conda.anaconda.org/conda-forge/linux-64/cffi-1.14.6-py36hd8eec40_1.tar.bz2#2e025dd15559c9882880f005e6c02018
https://conda.anaconda.org/conda-forge/linux-64/colorlog-4.8.0-py36h5fab9bb_0.tar.bz2#f598e6698105fe501bb5a9a4b4222d06
https://conda.anaconda.org/conda-forge/linux-64/coverage-6.0-py36h8f6f2f9_1.tar.bz2#2da2354fa279fcb23a4327d963a292cd
https://conda.anaconda.org/conda-forge/linux-64/importlib-metadata-4.2.0-py36h5fab9bb_0.tar.bz2#3433e578b7ae54372be1c31bcacedb5c
https://conda.anaconda.org/conda-forge/noarch/importlib_resources-5.4.0-pyhd8ed1ab_0.tar.bz2#9fb134dbabe7851a9d71411064b2c30d
https://conda.anaconda.org/conda-forge/linux-64/kiwisolver-1.3.1-py36h605e78d_1.tar.bz2#a92afbf92c5416585457e5de5c3d98c7
https://conda.anaconda.org/conda-forge/linux-64/libnetcdf-4.8.1-mpi_mpich_h319fa22_1.tar.bz2#7583fbaea3648f692c0c019254bc196c
https://conda.anaconda.org/conda-forge/linux-64/markupsafe-2.0.1-py36h8f6f2f9_0.tar.bz2#e450eb239eb68d0467b1c6d0fef28ae9
https://conda.anaconda.org/conda-forge/linux-64/mpi4py-3.1.1-py36h7b8b12a_0.tar.bz2#0fe94f31d63b9b9d26279f2a3aaa6108
https://conda.anaconda.org/conda-forge/linux-64/mypy_extensions-0.4.3-py36h5fab9bb_3.tar.bz2#abc16a8fe5dc31bde74702e28ed59164
https://conda.anaconda.org/conda-forge/linux-64/numpy-1.19.5-py36hfc0c790_2.tar.bz2#68dd09a5147b9dfc38a75237b99dad8e
https://conda.anaconda.org/conda-forge/noarch/packaging-21.3-pyhd8ed1ab_0.tar.bz2#71f1ab2de48613876becddd496371c85
https://conda.anaconda.org/conda-forge/linux-64/pillow-8.3.2-py36h676a545_0.tar.bz2#38f5006cc5d5743ba92859bbee17fef1
https://conda.anaconda.org/conda-forge/noarch/pydocstyle-6.1.1-pyhd8ed1ab_0.tar.bz2#e417954a987d382b3142886726ab3aad
https://conda.anaconda.org/conda-forge/linux-64/pysocks-1.7.1-py36h5fab9bb_3.tar.bz2#4dfb9be0b2975bc7933f32c6db7af205
https://conda.anaconda.org/conda-forge/noarch/python-dateutil-2.8.2-pyhd8ed1ab_0.tar.bz2#dd999d1cc9f79e67dbb855c8924c7984
https://conda.anaconda.org/conda-forge/linux-64/python-xxhash-2.0.2-py36h8f6f2f9_0.tar.bz2#7fd3e41e00f0ebcac23b775ad5a8ca90
https://conda.anaconda.org/conda-forge/linux-64/pyyaml-5.4.1-py36h8f6f2f9_1.tar.bz2#e9ca9afbe0ffbde954118168bc971871
https://conda.anaconda.org/conda-forge/linux-64/regex-2021.9.30-py36h8f6f2f9_0.tar.bz2#9a008df07c939d3359b4a85231355ce8
https://conda.anaconda.org/conda-forge/linux-64/setuptools-58.0.4-py36h5fab9bb_2.tar.bz2#d584b24af029d1fc78b6a0d2cc294d40
https://conda.anaconda.org/conda-forge/linux-64/tornado-6.1-py36h8f6f2f9_1.tar.bz2#3d19680e14cb7cf6f383ba1fd3a72f2c
https://conda.anaconda.org/conda-forge/linux-64/typed-ast-1.4.3-py36h8f6f2f9_0.tar.bz2#738cc2808eaff7e220a6f46bbddd4e5a
https://conda.anaconda.org/conda-forge/linux-64/asv-0.4.2-py36hc4f0c31_2.tar.bz2#aba2d553655f81aa4ec683f0039104e1
https://conda.anaconda.org/conda-forge/linux-64/brotlipy-0.7.0-py36h8f6f2f9_1001.tar.bz2#0f244e9624403e17430e9d959530b01c
https://conda.anaconda.org/conda-forge/linux-64/cftime-1.5.1-py36he33b4a0_0.tar.bz2#53d09a79ddf544cfbed566b206d9180a
https://conda.anaconda.org/conda-forge/linux-64/click-8.0.1-py36h5fab9bb_0.tar.bz2#0b99dd9d5e929ced82084bbf0b6135da
https://conda.anaconda.org/conda-forge/linux-64/cryptography-35.0.0-py36hb60f036_0.tar.bz2#d7533bed1783b4abef7e598cee93347d
https://conda.anaconda.org/conda-forge/noarch/dask-core-2021.3.0-pyhd8ed1ab_0.tar.bz2#e7a647c6320649dd7c80a1938f1a211c
https://conda.anaconda.org/conda-forge/linux-64/editdistance-s-1.0.0-py36h605e78d_1.tar.bz2#89c5489b410421aabe2888e73154b9d3
https://conda.anaconda.org/conda-forge/noarch/flake8-4.0.1-pyhd8ed1ab_1.tar.bz2#ebcd260142f408f587dafc01170a32f2
https://conda.anaconda.org/conda-forge/noarch/importlib_metadata-4.2.0-hd8ed1ab_0.tar.bz2#0213ccecb06d99c195f126d1ad595beb
https://conda.anaconda.org/conda-forge/noarch/jinja2-3.0.3-pyhd8ed1ab_0.tar.bz2#036d872c653780cb26e797e2e2f61b4c
https://conda.anaconda.org/conda-forge/linux-64/matplotlib-base-3.3.4-py36hd391965_0.tar.bz2#ed3c55ad68aa87ba9c2b2d5f6ede7f14
https://conda.anaconda.org/conda-forge/linux-64/netcdf-fortran-4.5.4-mpi_mpich_h1364a43_0.tar.bz2#b6ba4f487ef9fd5d353ff277df06d133
https://conda.anaconda.org/conda-forge/noarch/nodeenv-1.6.0-pyhd8ed1ab_0.tar.bz2#0941325bf48969e2b3b19d0951740950
https://conda.anaconda.org/conda-forge/linux-64/scipy-1.5.3-py36h81d768a_1.tar.bz2#cf58f52d8e8db2f8aa333cd9c674f890
https://conda.anaconda.org/conda-forge/linux-64/shapely-1.7.1-py36hff28ebb_5.tar.bz2#b4a2b90331fcf24164f0638e02987489
https://conda.anaconda.org/conda-forge/linux-64/virtualenv-20.4.7-py36h5fab9bb_0.tar.bz2#329ecf0bd164adb3b3c6e3415c9567a0
https://conda.anaconda.org/conda-forge/noarch/argcomplete-1.12.3-pyhd8ed1ab_2.tar.bz2#b8152341fc3fc9880c6e1b9d188974e5
https://conda.anaconda.org/conda-forge/noarch/black-20.8b1-py_1.tar.bz2#e555d6b71ec916c3dc4e6e3793cc9796
https://conda.anaconda.org/conda-forge/linux-64/cartopy-0.19.0.post1-py36hbcbf2fa_1.tar.bz2#b2de33eb27c5be8d96d2b3e55914fe93
https://conda.anaconda.org/conda-forge/linux-64/cf-units-2.1.5-py36h4d9540e_0.tar.bz2#95e04b7b16b85009509a9c93577d9dc0
https://conda.anaconda.org/conda-forge/linux-64/esmf-8.1.1-mpi_mpich_h4975321_102.tar.bz2#1ee3e15fc9f1b452207d260c2be568ec
https://conda.anaconda.org/conda-forge/noarch/flake8-docstrings-1.6.0-pyhd8ed1ab_0.tar.bz2#dea85c9bee98ef38c90fa7348f7fa333
https://conda.anaconda.org/conda-forge/noarch/flake8-import-order-0.18.1-py_0.tar.bz2#b3fca0d4b267be46b6d38fa77bf36f9a
https://conda.anaconda.org/conda-forge/noarch/identify-2.3.7-pyhd8ed1ab_0.tar.bz2#ae1a5e834fbca62ee88ab55fb276be63
https://conda.anaconda.org/conda-forge/linux-64/netcdf4-1.5.7-nompi_py36h775750b_103.tar.bz2#3674a70eb06844dd3d0d5ff82e2259bb
https://conda.anaconda.org/conda-forge/linux-64/pluggy-1.0.0-py36h5fab9bb_1.tar.bz2#8cb2c916d28b55bee23a253ebaeb8208
https://conda.anaconda.org/conda-forge/noarch/pyopenssl-22.0.0-pyhd8ed1ab_0.tar.bz2#1d7e241dfaf5475e893d4b824bb71b44
https://conda.anaconda.org/conda-forge/linux-64/esmpy-8.1.1-mpi_mpich_py36h0aee31b_101.tar.bz2#97ac1a08c330210bb00addc8d6d7777d
https://conda.anaconda.org/conda-forge/noarch/iris-3.1.0-pyhd8ed1ab_3.tar.bz2#3cfd9ca2f6f9b03e0ca1f23cbd323e2a
https://conda.anaconda.org/conda-forge/noarch/nox-2021.10.1-pyhd8ed1ab_0.tar.bz2#c29de03dc9c5595cb011a6b2204c14f5
https://conda.anaconda.org/conda-forge/linux-64/pre-commit-2.15.0-py36h5fab9bb_0.tar.bz2#392557fa768955d7ac1d8941656d43a4
https://conda.anaconda.org/conda-forge/linux-64/pytest-6.2.5-py36h5fab9bb_0.tar.bz2#fa341f0e8917db9c3a1793584cae415e
https://conda.anaconda.org/conda-forge/noarch/urllib3-1.26.8-pyhd8ed1ab_1.tar.bz2#53f1387c68c21cecb386e2cde51b3f7c
https://conda.anaconda.org/conda-forge/noarch/pytest-cov-3.0.0-pyhd8ed1ab_0.tar.bz2#0f7cac11bb696b62d378bde725bfc3eb
https://conda.anaconda.org/conda-forge/noarch/requests-2.27.1-pyhd8ed1ab_0.tar.bz2#7c1c427246b057b8fa97200ecdb2ed62
https://conda.anaconda.org/conda-forge/noarch/codecov-2.1.11-pyhd3deb0d_0.tar.bz2#9c661c2c14b4667827218402e6624ad5
