# Generated by conda-lock.
# platform: linux-64
# input_hash: 67d1659eff579b65aceff8c07903798fcad490fc604dea5a4766ac2b7f291645
@EXPLICIT
https://metoffice.jfrog.io/metoffice/api/conda/conda-forge/linux-64/_libgcc_mutex-0.1-conda_forge.tar.bz2#d7c89558ba9fa0495403155b64376d81
https://metoffice.jfrog.io/metoffice/api/conda/conda-forge/linux-64/ca-certificates-2021.10.8-ha878542_0.tar.bz2#575611b8a84f45960e87722eeb51fa26
https://metoffice.jfrog.io/metoffice/api/conda/conda-forge/linux-64/ld_impl_linux-64-2.36.1-hea4e1c9_2.tar.bz2#bd4f2e711b39af170e7ff15163fe87ee
https://metoffice.jfrog.io/metoffice/api/conda/conda-forge/linux-64/libgfortran5-11.2.0-h5c6108e_12.tar.bz2#f547bf125ab234cec9c89491b262fc2f
https://metoffice.jfrog.io/metoffice/api/conda/conda-forge/linux-64/libstdcxx-ng-11.2.0-he4da1e4_12.tar.bz2#7ff3b832ba5e6918c0d026976359d065
https://metoffice.jfrog.io/metoffice/api/conda/conda-forge/linux-64/mpi-1.0-mpich.tar.bz2#c1fcff3417b5a22bbc4cf6e8c23648cf
https://metoffice.jfrog.io/metoffice/api/conda/conda-forge/linux-64/libgfortran-ng-11.2.0-h69a702a_12.tar.bz2#33c165be455015cc74e8d857182f3f58
https://metoffice.jfrog.io/metoffice/api/conda/conda-forge/linux-64/libgomp-11.2.0-h1d223b6_12.tar.bz2#763c5ec8116d984b4a33342236d7da36
https://metoffice.jfrog.io/metoffice/api/conda/conda-forge/linux-64/_openmp_mutex-4.5-1_gnu.tar.bz2#561e277319a41d4f24f5c05a9ef63c04
https://metoffice.jfrog.io/metoffice/api/conda/conda-forge/linux-64/libgcc-ng-11.2.0-h1d223b6_12.tar.bz2#d34efbb8d7d6312c816b4bb647b818b1
https://metoffice.jfrog.io/metoffice/api/conda/conda-forge/linux-64/bzip2-1.0.8-h7f98852_4.tar.bz2#a1fd65c7ccbf10880423d82bca54eb54
https://metoffice.jfrog.io/metoffice/api/conda/conda-forge/linux-64/c-ares-1.18.1-h7f98852_0.tar.bz2#f26ef8098fab1f719c91eb760d63381a
https://metoffice.jfrog.io/metoffice/api/conda/conda-forge/linux-64/expat-2.4.4-h9c3ff4c_0.tar.bz2#3cedab1fd76644efd516e1b271f2da95
https://metoffice.jfrog.io/metoffice/api/conda/conda-forge/linux-64/geos-3.10.1-h9c3ff4c_1.tar.bz2#17a5f413039ce1e105fab5df9c668eb5
https://metoffice.jfrog.io/metoffice/api/conda/conda-forge/linux-64/giflib-5.2.1-h36c2ea0_2.tar.bz2#626e68ae9cc5912d6adb79d318cf962d
https://metoffice.jfrog.io/metoffice/api/conda/conda-forge/linux-64/jbig-2.1-h7f98852_2003.tar.bz2#1aa0cee79792fa97b7ff4545110b60bf
https://metoffice.jfrog.io/metoffice/api/conda/conda-forge/linux-64/jpeg-9e-h7f98852_0.tar.bz2#5c214edc675a7fb7cbb34b1d854e5141
https://metoffice.jfrog.io/metoffice/api/conda/conda-forge/linux-64/lerc-3.0-h9c3ff4c_0.tar.bz2#7fcefde484980d23f0ec24c11e314d2e
https://metoffice.jfrog.io/metoffice/api/conda/conda-forge/linux-64/libbrotlicommon-1.0.9-h7f98852_6.tar.bz2#b0f44f63f7d771d7670747a1dd5d5ac1
https://metoffice.jfrog.io/metoffice/api/conda/conda-forge/linux-64/libdeflate-1.10-h7f98852_0.tar.bz2#ffa3a757a97e851293909b49f49f28fb
https://metoffice.jfrog.io/metoffice/api/conda/conda-forge/linux-64/libev-4.33-h516909a_1.tar.bz2#6f8720dff19e17ce5d48cfe7f3d2f0a3
https://metoffice.jfrog.io/metoffice/api/conda/conda-forge/linux-64/libffi-3.4.2-h7f98852_5.tar.bz2#d645c6d2ac96843a2bfaccd2d62b3ac3
https://metoffice.jfrog.io/metoffice/api/conda/conda-forge/linux-64/libnsl-2.0.0-h7f98852_0.tar.bz2#39b1328babf85c7c3a61636d9cd50206
https://metoffice.jfrog.io/metoffice/api/conda/conda-forge/linux-64/libopenblas-0.3.18-pthreads_h8fe5266_0.tar.bz2#41532e4448c0cce086d6570f95e4e12e
https://metoffice.jfrog.io/metoffice/api/conda/conda-forge/linux-64/libwebp-base-1.2.2-h7f98852_1.tar.bz2#46cf26ecc8775a0aab300ea1821aaa3c
https://metoffice.jfrog.io/metoffice/api/conda/conda-forge/linux-64/libzlib-1.2.11-h36c2ea0_1013.tar.bz2#dcddf696ff5dfcab567100d691678e18
https://metoffice.jfrog.io/metoffice/api/conda/conda-forge/linux-64/lz4-c-1.9.3-h9c3ff4c_1.tar.bz2#fbe97e8fa6f275d7c76a09e795adc3e6
https://metoffice.jfrog.io/metoffice/api/conda/conda-forge/linux-64/mpich-3.4.3-h846660c_100.tar.bz2#1bb747e2de717cb9a6501d72539d6556
https://metoffice.jfrog.io/metoffice/api/conda/conda-forge/linux-64/ncurses-6.3-h9c3ff4c_0.tar.bz2#fb31bcb7af058244479ca635d20f0f4a
https://metoffice.jfrog.io/metoffice/api/conda/conda-forge/linux-64/openssl-1.1.1l-h7f98852_0.tar.bz2#de7b38a1542dbe6f41653a8ae71adc53
https://metoffice.jfrog.io/metoffice/api/conda/conda-forge/linux-64/pthread-stubs-0.4-h36c2ea0_1001.tar.bz2#22dad4df6e8630e8dff2428f6f6a7036
https://metoffice.jfrog.io/metoffice/api/conda/conda-forge/linux-64/xorg-libxau-1.0.9-h7f98852_0.tar.bz2#bf6f803a544f26ebbdc3bfff272eb179
https://metoffice.jfrog.io/metoffice/api/conda/conda-forge/linux-64/xorg-libxdmcp-1.1.3-h7f98852_0.tar.bz2#be93aabceefa2fac576e971aef407908
https://metoffice.jfrog.io/metoffice/api/conda/conda-forge/linux-64/xxhash-0.8.0-h7f98852_3.tar.bz2#52402c791f35e414e704b7a113f99605
https://metoffice.jfrog.io/metoffice/api/conda/conda-forge/linux-64/xz-5.2.5-h516909a_1.tar.bz2#33f601066901f3e1a85af3522a8113f9
https://metoffice.jfrog.io/metoffice/api/conda/conda-forge/linux-64/yaml-0.2.5-h7f98852_2.tar.bz2#4cb3ad778ec2d5a7acbdf254eb1c42ae
https://metoffice.jfrog.io/metoffice/api/conda/conda-forge/linux-64/libblas-3.9.0-13_linux64_openblas.tar.bz2#8a4038563ed92dfa622bd72c0d8f31d3
https://metoffice.jfrog.io/metoffice/api/conda/conda-forge/linux-64/libbrotlidec-1.0.9-h7f98852_6.tar.bz2#c7c03a2592cac92246a13a0732bd1573
https://metoffice.jfrog.io/metoffice/api/conda/conda-forge/linux-64/libbrotlienc-1.0.9-h7f98852_6.tar.bz2#28bfe0a70154e6881da7bae97517c948
https://metoffice.jfrog.io/metoffice/api/conda/conda-forge/linux-64/libedit-3.1.20191231-he28a2e2_2.tar.bz2#4d331e44109e3f0e19b4cb8f9b82f3e1
https://metoffice.jfrog.io/metoffice/api/conda/conda-forge/linux-64/libxcb-1.13-h7f98852_1004.tar.bz2#b3653fdc58d03face9724f602218a904
https://metoffice.jfrog.io/metoffice/api/conda/conda-forge/linux-64/readline-8.1-h46c0cb4_0.tar.bz2#5788de3c8d7a7d64ac56c784c4ef48e6
https://metoffice.jfrog.io/metoffice/api/conda/conda-forge/linux-64/tk-8.6.12-h27826a3_0.tar.bz2#5b8c42eb62e9fc961af70bdd6a26e168
https://metoffice.jfrog.io/metoffice/api/conda/conda-forge/linux-64/udunits2-2.2.28-hc3e0081_0.tar.bz2#d4c341e0379c31e9e781d4f204726867
https://metoffice.jfrog.io/metoffice/api/conda/conda-forge/linux-64/zlib-1.2.11-h36c2ea0_1013.tar.bz2#cf7190238072a41e9579e4476a6a60b8
https://metoffice.jfrog.io/metoffice/api/conda/conda-forge/linux-64/zstd-1.5.2-ha95c52a_0.tar.bz2#5222b231b1ef49a7f60d40b363469b70
https://metoffice.jfrog.io/metoffice/api/conda/conda-forge/linux-64/brotli-bin-1.0.9-h7f98852_6.tar.bz2#9e94bf16f14c78a36561d5019f490d22
https://metoffice.jfrog.io/metoffice/api/conda/conda-forge/linux-64/hdf4-4.2.15-h10796ff_3.tar.bz2#21a8d66dc17f065023b33145c42652fe
https://metoffice.jfrog.io/metoffice/api/conda/conda-forge/linux-64/krb5-1.19.2-hcc1bbae_3.tar.bz2#e29650992ae593bc05fc93722483e5c3
https://metoffice.jfrog.io/metoffice/api/conda/conda-forge/linux-64/libcblas-3.9.0-13_linux64_openblas.tar.bz2#b17676dbd6688396c3a3076259fb7907
https://metoffice.jfrog.io/metoffice/api/conda/conda-forge/linux-64/liblapack-3.9.0-13_linux64_openblas.tar.bz2#018b80e8f21d8560ae4961567e3e00c9
https://metoffice.jfrog.io/metoffice/api/conda/conda-forge/linux-64/libnghttp2-1.46.0-h812cca2_0.tar.bz2#507fa47e9075f889af8e8b72925379be
https://metoffice.jfrog.io/metoffice/api/conda/conda-forge/linux-64/libpng-1.6.37-h21135ba_2.tar.bz2#b6acf807307d033d4b7e758b4f44b036
https://metoffice.jfrog.io/metoffice/api/conda/conda-forge/linux-64/libssh2-1.10.0-ha56f1ee_2.tar.bz2#6ab4eaa11ff01801cffca0a27489dc04
https://metoffice.jfrog.io/metoffice/api/conda/conda-forge/linux-64/libtiff-4.3.0-h542a066_3.tar.bz2#1a0efb4dfd880b0376da8e1ba39fa838
https://metoffice.jfrog.io/metoffice/api/conda/conda-forge/linux-64/libzip-1.8.0-h4de3113_1.tar.bz2#175a746a43d42c053b91aa765fbc197d
https://metoffice.jfrog.io/metoffice/api/conda/conda-forge/linux-64/sqlite-3.37.0-h9cd32fc_0.tar.bz2#eb66fc098824d25518a79e83d12a81d6
https://metoffice.jfrog.io/metoffice/api/conda/conda-forge/linux-64/brotli-1.0.9-h7f98852_6.tar.bz2#612385c4a83edb0619fe911d9da317f4
https://metoffice.jfrog.io/metoffice/api/conda/conda-forge/linux-64/freetype-2.10.4-h0708190_1.tar.bz2#4a06f2ac2e5bfae7b6b245171c3f07aa
https://metoffice.jfrog.io/metoffice/api/conda/conda-forge/linux-64/lcms2-2.12-hddcbb42_0.tar.bz2#797117394a4aa588de6d741b06fad80f
https://metoffice.jfrog.io/metoffice/api/conda/conda-forge/linux-64/libcurl-7.81.0-h2574ce0_0.tar.bz2#1f8655741d0269ca6756f131522da1e8
https://metoffice.jfrog.io/metoffice/api/conda/conda-forge/linux-64/libwebp-1.2.2-h3452ae3_0.tar.bz2#c363665b4aabe56aae4f8981cff5b153
https://metoffice.jfrog.io/metoffice/api/conda/conda-forge/linux-64/openjpeg-2.4.0-hb52868f_1.tar.bz2#b7ad78ad2e9ee155f59e6428406ee824
https://metoffice.jfrog.io/metoffice/api/conda/conda-forge/linux-64/python-3.7.12-hb7a2778_100_cpython.tar.bz2#2d94b3e6a9fdaf83f6955d008c8011a7
https://metoffice.jfrog.io/metoffice/api/conda/conda-forge/noarch/appdirs-1.4.4-pyh9f0ad1d_0.tar.bz2#5f095bc6454094e96f146491fd03633b
https://metoffice.jfrog.io/metoffice/api/conda/conda-forge/noarch/attrs-21.4.0-pyhd8ed1ab_0.tar.bz2#f70280205d7044c8b8358c8de3190e5d
https://metoffice.jfrog.io/metoffice/api/conda/conda-forge/noarch/cfgv-3.3.1-pyhd8ed1ab_0.tar.bz2#ebb5f5f7dc4f1a3780ef7ea7738db08c
https://metoffice.jfrog.io/metoffice/api/conda/conda-forge/noarch/charset-normalizer-2.0.12-pyhd8ed1ab_0.tar.bz2#1f5b32dabae0f1893ae3283dac7f799e
https://metoffice.jfrog.io/metoffice/api/conda/conda-forge/noarch/cloudpickle-2.0.0-pyhd8ed1ab_0.tar.bz2#3a8fc8b627d5fb6af827e126a10a86c6
https://metoffice.jfrog.io/metoffice/api/conda/conda-forge/linux-64/curl-7.81.0-h2574ce0_0.tar.bz2#3a95d393b490f82aa406f1892fad84d9
https://metoffice.jfrog.io/metoffice/api/conda/conda-forge/noarch/cycler-0.11.0-pyhd8ed1ab_0.tar.bz2#a50559fad0affdbb33729a68669ca1cb
https://metoffice.jfrog.io/metoffice/api/conda/conda-forge/noarch/dataclasses-0.8-pyhc8e2a94_3.tar.bz2#a362b2124b06aad102e2ee4581acee7d
https://metoffice.jfrog.io/metoffice/api/conda/conda-forge/noarch/distlib-0.3.4-pyhd8ed1ab_0.tar.bz2#7b50d840543d9cdae100e91582c33035
https://metoffice.jfrog.io/metoffice/api/conda/conda-forge/noarch/filelock-3.6.0-pyhd8ed1ab_0.tar.bz2#6e03ca6c7b47a4152a2b12c6eee3bd32
https://metoffice.jfrog.io/metoffice/api/conda/conda-forge/noarch/fsspec-2022.1.0-pyhd8ed1ab_0.tar.bz2#188e095f4dc38887bb48b065734b9e8d
https://metoffice.jfrog.io/metoffice/api/conda/conda-forge/linux-64/hdf5-1.12.1-mpi_mpich_h9c45103_3.tar.bz2#4f1a733e563d27b98010b62888e149c9
https://metoffice.jfrog.io/metoffice/api/conda/conda-forge/noarch/idna-3.3-pyhd8ed1ab_0.tar.bz2#40b50b8b030f5f2f22085c062ed013dd
https://metoffice.jfrog.io/metoffice/api/conda/conda-forge/noarch/iniconfig-1.1.1-pyh9f0ad1d_0.tar.bz2#39161f81cc5e5ca45b8226fbb06c6905
https://metoffice.jfrog.io/metoffice/api/conda/conda-forge/noarch/locket-0.2.0-py_2.tar.bz2#709e8671651c7ec3d1ad07800339ff1d
https://metoffice.jfrog.io/metoffice/api/conda/conda-forge/noarch/mccabe-0.6.1-py_1.tar.bz2#a326cb400c1ccd91789f3e7d02124d61
https://metoffice.jfrog.io/metoffice/api/conda/conda-forge/noarch/munkres-1.1.4-pyh9f0ad1d_0.tar.bz2#2ba8498c1018c1e9c61eb99b973dfe19
https://metoffice.jfrog.io/metoffice/api/conda/conda-forge/noarch/pathspec-0.9.0-pyhd8ed1ab_0.tar.bz2#f93dc0ccbc0a8472624165f6e256c7d1
https://metoffice.jfrog.io/metoffice/api/conda/conda-forge/noarch/platformdirs-2.5.1-pyhd8ed1ab_0.tar.bz2#d5df87964a39f67c46a5448f4e78d9b6
https://metoffice.jfrog.io/metoffice/api/conda/conda-forge/linux-64/proj-8.2.0-h277dcde_0.tar.bz2#7ba8c7a9bf1c2fedf4a6d6dc92839baf
https://metoffice.jfrog.io/metoffice/api/conda/conda-forge/noarch/py-1.11.0-pyh6c4a22f_0.tar.bz2#b4613d7e7a493916d867842a6a148054
https://metoffice.jfrog.io/metoffice/api/conda/conda-forge/noarch/pycodestyle-2.8.0-pyhd8ed1ab_0.tar.bz2#f2532eee272d45b1283ea4869d71f044
https://metoffice.jfrog.io/metoffice/api/conda/conda-forge/noarch/pycparser-2.21-pyhd8ed1ab_0.tar.bz2#076becd9e05608f8dc72757d5f3a91ff
https://metoffice.jfrog.io/metoffice/api/conda/conda-forge/noarch/pyflakes-2.4.0-pyhd8ed1ab_0.tar.bz2#1aa3ecd37d0694e2ea5fef48da75371e
https://metoffice.jfrog.io/metoffice/api/conda/conda-forge/noarch/pyparsing-3.0.7-pyhd8ed1ab_0.tar.bz2#727e2216d9c47455d8ddc060eb2caad9
https://metoffice.jfrog.io/metoffice/api/conda/conda-forge/noarch/pyshp-2.2.0-pyhd8ed1ab_0.tar.bz2#2aa546be05be34b8e1744afd327b623f
https://metoffice.jfrog.io/metoffice/api/conda/conda-forge/linux-64/python_abi-3.7-2_cp37m.tar.bz2#afff88bf9a7048da740c70aeb8cdbb82
https://metoffice.jfrog.io/metoffice/api/conda/conda-forge/noarch/six-1.16.0-pyh6c4a22f_0.tar.bz2#e5f25f8dbc060e9a8d912e432202afc2
https://metoffice.jfrog.io/metoffice/api/conda/conda-forge/noarch/snowballstemmer-2.2.0-pyhd8ed1ab_0.tar.bz2#4d22a9315e78c6827f806065957d566e
https://metoffice.jfrog.io/metoffice/api/conda/conda-forge/noarch/toml-0.10.2-pyhd8ed1ab_0.tar.bz2#f832c45a477c78bebd107098db465095
https://metoffice.jfrog.io/metoffice/api/conda/conda-forge/noarch/tomli-2.0.1-pyhd8ed1ab_0.tar.bz2#5844808ffab9ebdb694585b50ba02a96
https://metoffice.jfrog.io/metoffice/api/conda/conda-forge/noarch/toolz-0.11.2-pyhd8ed1ab_0.tar.bz2#f348d1590550371edfac5ed3c1d44f7e
https://metoffice.jfrog.io/metoffice/api/conda/conda-forge/noarch/typing_extensions-4.1.1-pyha770c72_0.tar.bz2#74761ba7bc682e9009520163a1031ace
https://metoffice.jfrog.io/metoffice/api/conda/conda-forge/noarch/zipp-3.7.0-pyhd8ed1ab_1.tar.bz2#b689b2cbc8481b224777415e1a193170
https://metoffice.jfrog.io/metoffice/api/conda/conda-forge/linux-64/antlr-python-runtime-4.7.2-py37h89c1867_1003.tar.bz2#490366305378c8690b65c4bce9b9f6a4
https://metoffice.jfrog.io/metoffice/api/conda/conda-forge/linux-64/certifi-2021.10.8-py37h89c1867_1.tar.bz2#48e8442b6097c7d4a0e3494c74ff9eeb
https://metoffice.jfrog.io/metoffice/api/conda/conda-forge/linux-64/cffi-1.15.0-py37h036bc23_0.tar.bz2#05ab26c7685bcb7dd8bc8752c121f823
https://metoffice.jfrog.io/metoffice/api/conda/conda-forge/linux-64/colorlog-6.6.0-py37h89c1867_0.tar.bz2#c658b4d627fc6c290d15a58961dcd1e1
https://metoffice.jfrog.io/metoffice/api/conda/conda-forge/linux-64/coverage-6.3.1-py37h5e8e339_0.tar.bz2#ae67ba4049a2c2e241d795fb0901e9e1
https://metoffice.jfrog.io/metoffice/api/conda/conda-forge/linux-64/importlib-metadata-4.2.0-py37h89c1867_0.tar.bz2#b51e5791156e186532a3db0ed94d7350
https://metoffice.jfrog.io/metoffice/api/conda/conda-forge/linux-64/kiwisolver-1.3.2-py37h2527ec5_1.tar.bz2#441ac4d93d0d57d21ea9dcac48cb5d0d
https://metoffice.jfrog.io/metoffice/api/conda/conda-forge/linux-64/libnetcdf-4.8.1-mpi_mpich_h319fa22_1.tar.bz2#7583fbaea3648f692c0c019254bc196c
https://metoffice.jfrog.io/metoffice/api/conda/conda-forge/linux-64/markupsafe-2.1.0-py37h540881e_0.tar.bz2#ef8f913195259ad37fcee41d94fb4a0c
https://metoffice.jfrog.io/metoffice/api/conda/conda-forge/linux-64/mpi4py-3.1.3-py37h1e5cb63_0.tar.bz2#3d5ca9f081a7756df4f027776ff23b73
https://metoffice.jfrog.io/metoffice/api/conda/conda-forge/linux-64/mypy_extensions-0.4.3-py37h89c1867_4.tar.bz2#3c2b5e95af5abf9d44ebde9bdbc2fbd0
https://metoffice.jfrog.io/metoffice/api/conda/conda-forge/linux-64/numpy-1.21.5-py37hf2998dd_0.tar.bz2#ae1049dd3d8d15fc02af2f417cff5494
https://metoffice.jfrog.io/metoffice/api/conda/conda-forge/noarch/packaging-21.3-pyhd8ed1ab_0.tar.bz2#71f1ab2de48613876becddd496371c85
https://metoffice.jfrog.io/metoffice/api/conda/conda-forge/noarch/partd-1.2.0-pyhd8ed1ab_0.tar.bz2#0c32f563d7f22e3a34c95cad8cc95651
https://metoffice.jfrog.io/metoffice/api/conda/conda-forge/linux-64/pillow-9.0.1-py37h44f0d7a_2.tar.bz2#a9cbd079f3acce8f952c6119bc22ce21
https://metoffice.jfrog.io/metoffice/api/conda/conda-forge/noarch/pydocstyle-6.1.1-pyhd8ed1ab_0.tar.bz2#e417954a987d382b3142886726ab3aad
https://metoffice.jfrog.io/metoffice/api/conda/conda-forge/linux-64/pysocks-1.7.1-py37h89c1867_4.tar.bz2#44df88d27e2891f90e3f06dcfcca0927
https://metoffice.jfrog.io/metoffice/api/conda/conda-forge/noarch/python-dateutil-2.8.2-pyhd8ed1ab_0.tar.bz2#dd999d1cc9f79e67dbb855c8924c7984
https://metoffice.jfrog.io/metoffice/api/conda/conda-forge/linux-64/python-xxhash-2.0.2-py37h5e8e339_1.tar.bz2#c89489cddb9e53155e241e9aacd35e4b
https://metoffice.jfrog.io/metoffice/api/conda/conda-forge/linux-64/pyyaml-6.0-py37h5e8e339_3.tar.bz2#7f167ecf4d4771ee33589e09479238e7
https://metoffice.jfrog.io/metoffice/api/conda/conda-forge/linux-64/regex-2022.1.18-py37h5e8e339_0.tar.bz2#0fc13a187d0637bf6ee2ffa4aac1f80b
https://metoffice.jfrog.io/metoffice/api/conda/conda-forge/linux-64/setuptools-60.9.3-py37h89c1867_0.tar.bz2#966ea5b4c01939efc52115706efc91bb
https://metoffice.jfrog.io/metoffice/api/conda/conda-forge/linux-64/typed-ast-1.5.2-py37h5e8e339_0.tar.bz2#f50a23ce31feca763bdde6c355a7be99
https://metoffice.jfrog.io/metoffice/api/conda/conda-forge/linux-64/unicodedata2-14.0.0-py37h5e8e339_0.tar.bz2#9f4ac5fb219d7c63c3c3cd9c630b81a6
https://metoffice.jfrog.io/metoffice/api/conda/conda-forge/linux-64/asv-0.5.1-py37hcd2ae1e_0.tar.bz2#be90881308c538bd7fbded7afc6989d6
https://metoffice.jfrog.io/metoffice/api/conda/conda-forge/linux-64/brotlipy-0.7.0-py37h5e8e339_1003.tar.bz2#4ad2e74470a3c08b0f6d59699f0d9a32
https://metoffice.jfrog.io/metoffice/api/conda/conda-forge/linux-64/cftime-1.5.2-py37hb1e94ed_0.tar.bz2#c60c2f4eb334853856e8483a4aa20b3a
https://metoffice.jfrog.io/metoffice/api/conda/conda-forge/linux-64/click-8.0.4-py37h89c1867_0.tar.bz2#8446654148b6bdef60d192f5c86122b6
https://metoffice.jfrog.io/metoffice/api/conda/conda-forge/linux-64/cryptography-36.0.1-py37hf1a17b8_0.tar.bz2#7ad2c98aaab85d80017b3a6f79a2aa5d
https://metoffice.jfrog.io/metoffice/api/conda/conda-forge/noarch/dask-core-2022.2.0-pyhd8ed1ab_0.tar.bz2#d8410c1ab31b3f5196e0cff0125779c1
https://metoffice.jfrog.io/metoffice/api/conda/conda-forge/noarch/flake8-4.0.1-pyhd8ed1ab_1.tar.bz2#ebcd260142f408f587dafc01170a32f2
https://metoffice.jfrog.io/metoffice/api/conda/conda-forge/linux-64/fonttools-4.29.1-py37h5e8e339_0.tar.bz2#fbfc7da920d04fee5e09c518de4d7f8a
https://metoffice.jfrog.io/metoffice/api/conda/conda-forge/noarch/importlib_metadata-4.2.0-hd8ed1ab_0.tar.bz2#0213ccecb06d99c195f126d1ad595beb
https://metoffice.jfrog.io/metoffice/api/conda/conda-forge/noarch/jinja2-3.0.3-pyhd8ed1ab_0.tar.bz2#036d872c653780cb26e797e2e2f61b4c
https://metoffice.jfrog.io/metoffice/api/conda/conda-forge/linux-64/netcdf-fortran-4.5.4-mpi_mpich_h1364a43_0.tar.bz2#b6ba4f487ef9fd5d353ff277df06d133
https://metoffice.jfrog.io/metoffice/api/conda/conda-forge/noarch/nodeenv-1.6.0-pyhd8ed1ab_0.tar.bz2#0941325bf48969e2b3b19d0951740950
https://metoffice.jfrog.io/metoffice/api/conda/conda-forge/linux-64/pyproj-3.2.1-py37hb589d83_5.tar.bz2#ea78cbba7d43ad17ec043a9ebdee3bf5
https://metoffice.jfrog.io/metoffice/api/conda/conda-forge/linux-64/scipy-1.7.3-py37hf2a6cf1_0.tar.bz2#129c613e1d0f09d9fd0473a0da6161a9
https://metoffice.jfrog.io/metoffice/api/conda/conda-forge/linux-64/shapely-1.8.0-py37h9b0f7a3_4.tar.bz2#568474687cd6be5f834cb682637ac0de
https://metoffice.jfrog.io/metoffice/api/conda/conda-forge/linux-64/ukkonen-1.0.1-py37h2527ec5_1.tar.bz2#6881e3f95d3187945c2906206376837a
https://metoffice.jfrog.io/metoffice/api/conda/conda-forge/linux-64/virtualenv-20.13.1-py37h89c1867_0.tar.bz2#522036ce5ea3ea8c3b29107829d34855
https://metoffice.jfrog.io/metoffice/api/conda/conda-forge/noarch/argcomplete-1.12.3-pyhd8ed1ab_2.tar.bz2#b8152341fc3fc9880c6e1b9d188974e5
https://metoffice.jfrog.io/metoffice/api/conda/conda-forge/noarch/black-20.8b1-py_1.tar.bz2#e555d6b71ec916c3dc4e6e3793cc9796
https://metoffice.jfrog.io/metoffice/api/conda/conda-forge/linux-64/cf-units-3.0.1-py37hb1e94ed_2.tar.bz2#ba9daa43279450692efc63037867ed93
https://metoffice.jfrog.io/metoffice/api/conda/conda-forge/linux-64/esmf-8.2.0-mpi_mpich_h4975321_100.tar.bz2#56f5c650937b1667ad0a557a0dff3bc4
https://metoffice.jfrog.io/metoffice/api/conda/conda-forge/noarch/flake8-docstrings-1.6.0-pyhd8ed1ab_0.tar.bz2#dea85c9bee98ef38c90fa7348f7fa333
https://metoffice.jfrog.io/metoffice/api/conda/conda-forge/noarch/flake8-import-order-0.18.1-py_0.tar.bz2#b3fca0d4b267be46b6d38fa77bf36f9a
https://metoffice.jfrog.io/metoffice/api/conda/conda-forge/noarch/identify-2.4.10-pyhd8ed1ab_0.tar.bz2#faf44e59178c016c070b6d5e597fc45c
https://metoffice.jfrog.io/metoffice/api/conda/conda-forge/linux-64/matplotlib-base-3.5.1-py37h1058ff1_0.tar.bz2#b431c18c1cf130f03d83498f2ef7047b
https://metoffice.jfrog.io/metoffice/api/conda/conda-forge/linux-64/netcdf4-1.5.8-nompi_py37hf784469_101.tar.bz2#5b05dc55e51be0696878e9a575c12f77
https://metoffice.jfrog.io/metoffice/api/conda/conda-forge/linux-64/pluggy-1.0.0-py37h89c1867_2.tar.bz2#2302f521fc19e6446a94e82662bb7061
https://metoffice.jfrog.io/metoffice/api/conda/conda-forge/noarch/pyopenssl-22.0.0-pyhd8ed1ab_0.tar.bz2#1d7e241dfaf5475e893d4b824bb71b44
https://metoffice.jfrog.io/metoffice/api/conda/conda-forge/linux-64/cartopy-0.20.2-py37h9a08e6e_0.tar.bz2#fdd753f494afc4fcebd2d3072de1633b
https://metoffice.jfrog.io/metoffice/api/conda/conda-forge/linux-64/esmpy-8.2.0-mpi_mpich_py37h7352969_101.tar.bz2#64fd02e7a0cefe0b5c604fea03774c73
https://metoffice.jfrog.io/metoffice/api/conda/conda-forge/linux-64/nox-2022.1.7-py37h89c1867_0.tar.bz2#50b85791423272b17e155be672778e03
https://metoffice.jfrog.io/metoffice/api/conda/conda-forge/linux-64/pre-commit-2.17.0-py37h89c1867_0.tar.bz2#dfc2aaf3a0709eb533e5f31c82a8e50b
https://metoffice.jfrog.io/metoffice/api/conda/conda-forge/linux-64/pytest-7.0.1-py37h89c1867_0.tar.bz2#7d0a190f0f35f6fc67d346bc460c68f6
https://metoffice.jfrog.io/metoffice/api/conda/conda-forge/noarch/urllib3-1.26.8-pyhd8ed1ab_1.tar.bz2#53f1387c68c21cecb386e2cde51b3f7c
https://metoffice.jfrog.io/metoffice/api/conda/conda-forge/noarch/iris-3.1.0-pyhd8ed1ab_3.tar.bz2#3cfd9ca2f6f9b03e0ca1f23cbd323e2a
https://metoffice.jfrog.io/metoffice/api/conda/conda-forge/noarch/pytest-cov-3.0.0-pyhd8ed1ab_0.tar.bz2#0f7cac11bb696b62d378bde725bfc3eb
https://metoffice.jfrog.io/metoffice/api/conda/conda-forge/noarch/requests-2.27.1-pyhd8ed1ab_0.tar.bz2#7c1c427246b057b8fa97200ecdb2ed62
https://metoffice.jfrog.io/metoffice/api/conda/conda-forge/noarch/codecov-2.1.11-pyhd3deb0d_0.tar.bz2#9c661c2c14b4667827218402e6624ad5
