# platform: linux-64
# env_hash: 446362717596edb218ddc2a320cca3ecbdbc7a4a009043daa2d83ca43457d2ff
@EXPLICIT
https://conda.anaconda.org/conda-forge/linux-64/_libgcc_mutex-0.1-conda_forge.tar.bz2#d7c89558ba9fa0495403155b64376d81
https://conda.anaconda.org/conda-forge/linux-64/ca-certificates-2021.10.8-ha878542_0.tar.bz2#575611b8a84f45960e87722eeb51fa26
https://conda.anaconda.org/conda-forge/linux-64/ld_impl_linux-64-2.36.1-hea4e1c9_2.tar.bz2#bd4f2e711b39af170e7ff15163fe87ee
https://conda.anaconda.org/conda-forge/linux-64/libgfortran5-11.2.0-h5c6108e_11.tar.bz2#2dcb18a9a0fa31f4f29e5a9b3eade394
https://conda.anaconda.org/conda-forge/linux-64/libstdcxx-ng-11.2.0-he4da1e4_11.tar.bz2#0bf83958e788f1e75ba26154cb702afe
https://conda.anaconda.org/conda-forge/linux-64/mpi-1.0-mpich.tar.bz2#c1fcff3417b5a22bbc4cf6e8c23648cf
https://conda.anaconda.org/conda-forge/linux-64/libgfortran-ng-11.2.0-h69a702a_11.tar.bz2#4ea2f9f83b617a7682e8aa05dcb37c6a
https://conda.anaconda.org/conda-forge/linux-64/libgomp-11.2.0-h1d223b6_11.tar.bz2#1d16527c76842bf9c41e9399d39d8097
https://conda.anaconda.org/conda-forge/linux-64/_openmp_mutex-4.5-1_gnu.tar.bz2#561e277319a41d4f24f5c05a9ef63c04
https://conda.anaconda.org/conda-forge/linux-64/libgcc-ng-11.2.0-h1d223b6_11.tar.bz2#e3495f4f93cfd6b68021cbe2b5844cd5
https://conda.anaconda.org/conda-forge/linux-64/bzip2-1.0.8-h7f98852_4.tar.bz2#a1fd65c7ccbf10880423d82bca54eb54
https://conda.anaconda.org/conda-forge/linux-64/c-ares-1.18.1-h7f98852_0.tar.bz2#f26ef8098fab1f719c91eb760d63381a
https://conda.anaconda.org/conda-forge/linux-64/expat-2.4.1-h9c3ff4c_0.tar.bz2#16054ef3cb3ec5d8d29d08772662f65d
https://conda.anaconda.org/conda-forge/linux-64/geos-3.10.0-h9c3ff4c_0.tar.bz2#f3e1934c48463a3fbc87075ba2e94070
https://conda.anaconda.org/conda-forge/linux-64/jbig-2.1-h7f98852_2003.tar.bz2#1aa0cee79792fa97b7ff4545110b60bf
https://conda.anaconda.org/conda-forge/linux-64/jpeg-9d-h36c2ea0_0.tar.bz2#ea02ce6037dbe81803ae6123e5ba1568
https://conda.anaconda.org/conda-forge/linux-64/lerc-3.0-h9c3ff4c_0.tar.bz2#7fcefde484980d23f0ec24c11e314d2e
https://conda.anaconda.org/conda-forge/linux-64/libdeflate-1.8-h7f98852_0.tar.bz2#91d22aefa665265e8e31988b15145c8a
https://conda.anaconda.org/conda-forge/linux-64/libev-4.33-h516909a_1.tar.bz2#6f8720dff19e17ce5d48cfe7f3d2f0a3
https://conda.anaconda.org/conda-forge/linux-64/libffi-3.4.2-h9c3ff4c_4.tar.bz2#dea515312db9d4788e52c2edfc657635
https://conda.anaconda.org/conda-forge/linux-64/libnsl-2.0.0-h7f98852_0.tar.bz2#39b1328babf85c7c3a61636d9cd50206
https://conda.anaconda.org/conda-forge/linux-64/libopenblas-0.3.18-pthreads_h8fe5266_0.tar.bz2#41532e4448c0cce086d6570f95e4e12e
https://conda.anaconda.org/conda-forge/linux-64/libwebp-base-1.2.1-h7f98852_0.tar.bz2#90607c4c0247f04ec98b48997de71c1a
https://conda.anaconda.org/conda-forge/linux-64/libzlib-1.2.11-h36c2ea0_1013.tar.bz2#dcddf696ff5dfcab567100d691678e18
https://conda.anaconda.org/conda-forge/linux-64/lz4-c-1.9.3-h9c3ff4c_1.tar.bz2#fbe97e8fa6f275d7c76a09e795adc3e6
https://conda.anaconda.org/conda-forge/linux-64/mpich-3.4.2-h846660c_100.tar.bz2#0868d02349fc7e128d4bdc515b58dd7e
https://conda.anaconda.org/conda-forge/linux-64/ncurses-6.2-h58526e2_4.tar.bz2#509f2a21c4a09214cd737a480dfd80c9
https://conda.anaconda.org/conda-forge/linux-64/openssl-1.1.1l-h7f98852_0.tar.bz2#de7b38a1542dbe6f41653a8ae71adc53
https://conda.anaconda.org/conda-forge/linux-64/xxhash-0.8.0-h7f98852_3.tar.bz2#52402c791f35e414e704b7a113f99605
https://conda.anaconda.org/conda-forge/linux-64/xz-5.2.5-h516909a_1.tar.bz2#33f601066901f3e1a85af3522a8113f9
https://conda.anaconda.org/conda-forge/linux-64/yaml-0.2.5-h516909a_0.tar.bz2#03a530e925414902547cf48da7756db8
https://conda.anaconda.org/conda-forge/linux-64/libblas-3.9.0-12_linux64_openblas.tar.bz2#4f93ba28c628a2c27cf39c055e6b219c
https://conda.anaconda.org/conda-forge/linux-64/libedit-3.1.20191231-he28a2e2_2.tar.bz2#4d331e44109e3f0e19b4cb8f9b82f3e1
https://conda.anaconda.org/conda-forge/linux-64/readline-8.1-h46c0cb4_0.tar.bz2#5788de3c8d7a7d64ac56c784c4ef48e6
https://conda.anaconda.org/conda-forge/linux-64/udunits2-2.2.27.27-hc3e0081_2.tar.bz2#91f5207ecab9bab80964f49dfd81dbcc
https://conda.anaconda.org/conda-forge/linux-64/zlib-1.2.11-h36c2ea0_1013.tar.bz2#cf7190238072a41e9579e4476a6a60b8
https://conda.anaconda.org/conda-forge/linux-64/hdf4-4.2.15-h10796ff_3.tar.bz2#21a8d66dc17f065023b33145c42652fe
https://conda.anaconda.org/conda-forge/linux-64/libcblas-3.9.0-12_linux64_openblas.tar.bz2#2e5082d4a9a18c21100e6ce5b6bcb4ec
https://conda.anaconda.org/conda-forge/linux-64/liblapack-3.9.0-12_linux64_openblas.tar.bz2#9f401a6807a97e0c859d7522ae3d51ec
https://conda.anaconda.org/conda-forge/linux-64/libnghttp2-1.43.0-h812cca2_1.tar.bz2#d0a7846b7b3b8fb0d8b36904a53b8155
https://conda.anaconda.org/conda-forge/linux-64/libpng-1.6.37-h21135ba_2.tar.bz2#b6acf807307d033d4b7e758b4f44b036
https://conda.anaconda.org/conda-forge/linux-64/libssh2-1.10.0-ha56f1ee_2.tar.bz2#6ab4eaa11ff01801cffca0a27489dc04
https://conda.anaconda.org/conda-forge/linux-64/libzip-1.8.0-h4de3113_1.tar.bz2#175a746a43d42c053b91aa765fbc197d
https://conda.anaconda.org/conda-forge/linux-64/sqlite-3.36.0-h9cd32fc_2.tar.bz2#3588c2c6cb9f9bcc65b544ab1c715d60
https://conda.anaconda.org/conda-forge/linux-64/tk-8.6.11-h27826a3_1.tar.bz2#84e76fb280e735fec1efd2d21fd9cb27
https://conda.anaconda.org/conda-forge/linux-64/zstd-1.5.0-ha95c52a_0.tar.bz2#b56f94865e2de36abf054e7bfa499034
https://conda.anaconda.org/conda-forge/linux-64/freetype-2.10.4-h0708190_1.tar.bz2#4a06f2ac2e5bfae7b6b245171c3f07aa
https://conda.anaconda.org/conda-forge/linux-64/krb5-1.19.2-hcc1bbae_3.tar.bz2#e29650992ae593bc05fc93722483e5c3
https://conda.anaconda.org/conda-forge/linux-64/libtiff-4.3.0-h6f004c6_2.tar.bz2#34fda41ca84e67232888c9a885903055
https://conda.anaconda.org/conda-forge/linux-64/python-3.8.12-hb7a2778_2_cpython.tar.bz2#148ea076514259c7f562fbfba956a693
https://conda.anaconda.org/conda-forge/noarch/appdirs-1.4.4-pyh9f0ad1d_0.tar.bz2#5f095bc6454094e96f146491fd03633b
https://conda.anaconda.org/conda-forge/noarch/attrs-21.2.0-pyhd8ed1ab_0.tar.bz2#d2e1c7f388ac403df7079b411c37cc50
https://conda.anaconda.org/conda-forge/noarch/cfgv-3.3.1-pyhd8ed1ab_0.tar.bz2#ebb5f5f7dc4f1a3780ef7ea7738db08c
https://conda.anaconda.org/conda-forge/noarch/charset-normalizer-2.0.0-pyhd8ed1ab_0.tar.bz2#4a57e24d5b759893615c05926b7b5fb9
https://conda.anaconda.org/conda-forge/noarch/cloudpickle-2.0.0-pyhd8ed1ab_0.tar.bz2#3a8fc8b627d5fb6af827e126a10a86c6
https://conda.anaconda.org/conda-forge/noarch/cycler-0.11.0-pyhd8ed1ab_0.tar.bz2#a50559fad0affdbb33729a68669ca1cb
https://conda.anaconda.org/conda-forge/noarch/dataclasses-0.8-pyhc8e2a94_3.tar.bz2#a362b2124b06aad102e2ee4581acee7d
https://conda.anaconda.org/conda-forge/noarch/distlib-0.3.3-pyhd8ed1ab_0.tar.bz2#cc7dae067bb31c1598e23e151dfca986
https://conda.anaconda.org/conda-forge/noarch/filelock-3.3.2-pyhd8ed1ab_0.tar.bz2#a58b4796ddcaedd3f34810ec1f4674ef
https://conda.anaconda.org/conda-forge/noarch/fsspec-2021.10.1-pyhd8ed1ab_0.tar.bz2#bd1317fcfc2899cd4fd1a0f9cbca805c
https://conda.anaconda.org/conda-forge/noarch/heapdict-1.0.1-py_0.tar.bz2#77242bfb1e74a627fb06319b5a2d3b95
https://conda.anaconda.org/conda-forge/noarch/idna-3.1-pyhd3deb0d_0.tar.bz2#9c9aea4b8391264477df484f798562d0
https://conda.anaconda.org/conda-forge/noarch/iniconfig-1.1.1-pyh9f0ad1d_0.tar.bz2#39161f81cc5e5ca45b8226fbb06c6905
https://conda.anaconda.org/conda-forge/linux-64/lcms2-2.12-hddcbb42_0.tar.bz2#797117394a4aa588de6d741b06fad80f
https://conda.anaconda.org/conda-forge/linux-64/libcurl-7.79.1-h2574ce0_1.tar.bz2#7df45d44314d8ed15453dbe9f6c125db
https://conda.anaconda.org/conda-forge/noarch/locket-0.2.0-py_2.tar.bz2#709e8671651c7ec3d1ad07800339ff1d
https://conda.anaconda.org/conda-forge/noarch/mccabe-0.6.1-py_1.tar.bz2#a326cb400c1ccd91789f3e7d02124d61
https://conda.anaconda.org/conda-forge/noarch/more-itertools-8.10.0-pyhd8ed1ab_0.tar.bz2#24a4379cfc9ba76a7ad238e5c32a6c68
https://conda.anaconda.org/conda-forge/noarch/olefile-0.46-pyh9f0ad1d_1.tar.bz2#0b2e68acc8c78c8cc392b90983481f58
https://conda.anaconda.org/conda-forge/linux-64/openjpeg-2.4.0-hb52868f_1.tar.bz2#b7ad78ad2e9ee155f59e6428406ee824
https://conda.anaconda.org/conda-forge/noarch/pathspec-0.9.0-pyhd8ed1ab_0.tar.bz2#f93dc0ccbc0a8472624165f6e256c7d1
https://conda.anaconda.org/conda-forge/noarch/py-1.10.0-pyhd3deb0d_0.tar.bz2#88ca1328ecc79a070214aa24911bace8
https://conda.anaconda.org/conda-forge/noarch/pycodestyle-2.8.0-pyhd8ed1ab_0.tar.bz2#f2532eee272d45b1283ea4869d71f044
https://conda.anaconda.org/conda-forge/noarch/pycparser-2.20-pyh9f0ad1d_2.tar.bz2#aa798d50ffd182a0f6f31478c7f434f6
https://conda.anaconda.org/conda-forge/noarch/pyflakes-2.4.0-pyhd8ed1ab_0.tar.bz2#1aa3ecd37d0694e2ea5fef48da75371e
https://conda.anaconda.org/conda-forge/noarch/pyparsing-3.0.4-pyhd8ed1ab_0.tar.bz2#bd88d04ada10f0f975bb5e2f9352d3a8
https://conda.anaconda.org/conda-forge/noarch/pyshp-2.1.3-pyh44b312d_0.tar.bz2#2d1867b980785eb44b8122184d8b42a6
https://conda.anaconda.org/conda-forge/linux-64/python_abi-3.8-2_cp38.tar.bz2#bfbb29d517281e78ac53e48d21e6e860
https://conda.anaconda.org/conda-forge/noarch/pytz-2021.3-pyhd8ed1ab_0.tar.bz2#7e4f811bff46a5a6a7e0094921389395
https://conda.anaconda.org/conda-forge/noarch/six-1.16.0-pyh6c4a22f_0.tar.bz2#e5f25f8dbc060e9a8d912e432202afc2
https://conda.anaconda.org/conda-forge/noarch/snowballstemmer-2.1.0-pyhd8ed1ab_0.tar.bz2#f1d64c0cf0eedf655a96ccdc1573c05a
https://conda.anaconda.org/conda-forge/noarch/sortedcontainers-2.4.0-pyhd8ed1ab_0.tar.bz2#6d6552722448103793743dabfbda532d
https://conda.anaconda.org/conda-forge/noarch/tblib-1.7.0-pyhd8ed1ab_0.tar.bz2#3d4afc31302aa7be471feb6be048ed76
https://conda.anaconda.org/conda-forge/noarch/toml-0.10.2-pyhd8ed1ab_0.tar.bz2#f832c45a477c78bebd107098db465095
https://conda.anaconda.org/conda-forge/noarch/tomli-1.2.2-pyhd8ed1ab_0.tar.bz2#1c8a2f9ea18c267414e244cee668cd00
https://conda.anaconda.org/conda-forge/noarch/toolz-0.11.1-py_0.tar.bz2#d1e66b58cb00b3817ad9f05eec098c00
https://conda.anaconda.org/conda-forge/noarch/typing_extensions-3.10.0.2-pyha770c72_0.tar.bz2#85dfd487a244bbe2cf7019ce8a39b5bc
https://conda.anaconda.org/conda-forge/noarch/zipp-3.6.0-pyhd8ed1ab_0.tar.bz2#855e2c4622f5eb50a4f6f7167b9ba17a
https://conda.anaconda.org/conda-forge/linux-64/antlr-python-runtime-4.7.2-py38h578d9bd_1002.tar.bz2#2b2207e2c8a05fc0bc5b62fc32c355e6
https://conda.anaconda.org/conda-forge/linux-64/certifi-2021.10.8-py38h578d9bd_1.tar.bz2#52a6cee65a5d10ed1c3f0af24fb48dd3
https://conda.anaconda.org/conda-forge/linux-64/cffi-1.14.6-py38h3931269_2.tar.bz2#af45b6c2170ccbdb3e80109733460900
https://conda.anaconda.org/conda-forge/linux-64/chardet-4.0.0-py38h578d9bd_2.tar.bz2#b1ac3204dde49f0d9ab8adce12676920
https://conda.anaconda.org/conda-forge/linux-64/click-8.0.3-py38h578d9bd_1.tar.bz2#edee3c8cc58ceba6153ac96524146985
https://conda.anaconda.org/conda-forge/linux-64/colorlog-4.8.0-py38h578d9bd_0.tar.bz2#10f4a096d944daca220cfbea6bdc905a
https://conda.anaconda.org/conda-forge/linux-64/coverage-6.1.1-py38h497a2fe_1.tar.bz2#adb9aead34e0331972401f16446a1496
https://conda.anaconda.org/conda-forge/linux-64/curl-7.79.1-h2574ce0_1.tar.bz2#3696bc993fbd6b316df13ea18b397b92
https://conda.anaconda.org/conda-forge/linux-64/cytoolz-0.11.0-py38h497a2fe_3.tar.bz2#45568bae22c3825f22b631101ecbad35
https://conda.anaconda.org/conda-forge/linux-64/hdf5-1.12.1-mpi_mpich_h9c45103_1.tar.bz2#848971db056bf44543aa2ce530fcaa90
https://conda.anaconda.org/conda-forge/linux-64/importlib-metadata-4.2.0-py38h578d9bd_0.tar.bz2#c4f7c186016a1859ea91bd025b4c2958
https://conda.anaconda.org/conda-forge/linux-64/kiwisolver-1.3.2-py38h1fd1430_1.tar.bz2#085365abfe53d5d13bb68b1dda0b439e
https://conda.anaconda.org/conda-forge/linux-64/markupsafe-2.0.1-py38h497a2fe_1.tar.bz2#1ef7b5f4826ca48a15e2cd98a5c3436d
https://conda.anaconda.org/conda-forge/linux-64/mpi4py-3.1.1-py38he865349_1.tar.bz2#808344cad2b42f1ffe757ed7c93b8833
https://conda.anaconda.org/conda-forge/linux-64/msgpack-python-1.0.2-py38h1fd1430_2.tar.bz2#e1a3470d06d4add8c36cb75e8c39ddbb
https://conda.anaconda.org/conda-forge/linux-64/mypy_extensions-0.4.3-py38h578d9bd_4.tar.bz2#8800523c45d8782e76791d1963f2255a
https://conda.anaconda.org/conda-forge/linux-64/numpy-1.21.3-py38he2449b9_1.tar.bz2#57c2ec2c761220a504bc00b51dc0a8e4
https://conda.anaconda.org/conda-forge/noarch/packaging-21.0-pyhd8ed1ab_0.tar.bz2#45cfb8e482b5cce8f07c87e0e19a592c
https://conda.anaconda.org/conda-forge/noarch/partd-1.2.0-pyhd8ed1ab_0.tar.bz2#0c32f563d7f22e3a34c95cad8cc95651
https://conda.anaconda.org/conda-forge/linux-64/pillow-8.3.2-py38h8e6f84c_0.tar.bz2#68380ec51fcf6f0de1474d59a6f2e81b
https://conda.anaconda.org/conda-forge/linux-64/pluggy-1.0.0-py38h578d9bd_2.tar.bz2#18b1cca199ce1e90ec3299de85987274
https://conda.anaconda.org/conda-forge/linux-64/proj-8.1.1-h277dcde_2.tar.bz2#f2dd8fd358ceab06812fafc0ffe109b1
https://conda.anaconda.org/conda-forge/linux-64/psutil-5.8.0-py38h497a2fe_2.tar.bz2#f2896db231103115b34bb2d0d22fba19
https://conda.anaconda.org/conda-forge/noarch/pydocstyle-6.1.1-pyhd8ed1ab_0.tar.bz2#e417954a987d382b3142886726ab3aad
https://conda.anaconda.org/conda-forge/linux-64/pysocks-1.7.1-py38h578d9bd_4.tar.bz2#9c4bbee6f682f2fc7d7803df3996e77e
https://conda.anaconda.org/conda-forge/noarch/python-dateutil-2.8.2-pyhd8ed1ab_0.tar.bz2#dd999d1cc9f79e67dbb855c8924c7984
https://conda.anaconda.org/conda-forge/linux-64/python-xxhash-2.0.2-py38h497a2fe_1.tar.bz2#977d03222271270ea8fe35388bf13752
https://conda.anaconda.org/conda-forge/linux-64/pyyaml-6.0-py38h497a2fe_2.tar.bz2#9fb6d633554ab206cdd665275a4d9695
https://conda.anaconda.org/conda-forge/linux-64/regex-2021.11.2-py38h497a2fe_0.tar.bz2#4f811c15fa5ea73c3dca06a261ca0414
https://conda.anaconda.org/conda-forge/linux-64/setuptools-58.5.2-py38h578d9bd_0.tar.bz2#75b19910d42dfd12877be797abb62ad4
https://conda.anaconda.org/conda-forge/linux-64/tornado-6.1-py38h497a2fe_2.tar.bz2#63b3b55c98b4239134e0be080f448944
https://conda.anaconda.org/conda-forge/linux-64/typed-ast-1.4.3-py38h497a2fe_1.tar.bz2#3f0687707debddd80bedd1ceeb6d85b6
https://conda.anaconda.org/conda-forge/linux-64/virtualenv-20.4.7-py38h578d9bd_1.tar.bz2#37717ce393db8536ae2b613839af4274
https://conda.anaconda.org/conda-forge/noarch/zict-2.0.0-py_0.tar.bz2#4750152be22f24d695b3004c5e1712d3
https://conda.anaconda.org/conda-forge/linux-64/asv-0.4.2-py38h709712a_2.tar.bz2#4659f315fc42e671606fbcd1b9234f75
https://conda.anaconda.org/conda-forge/noarch/black-20.8b1-py_1.tar.bz2#e555d6b71ec916c3dc4e6e3793cc9796
https://conda.anaconda.org/conda-forge/linux-64/brotlipy-0.7.0-py38h497a2fe_1003.tar.bz2#9189b42c42b9c87b2b2068cbe31901a8
https://conda.anaconda.org/conda-forge/linux-64/cftime-1.5.1.1-py38h6c62de6_0.tar.bz2#a5c2f80401db00895be7cc21ef516489
https://conda.anaconda.org/conda-forge/linux-64/cryptography-35.0.0-py38h3e25421_1.tar.bz2#fc967283ac12f064b68638ac8727c1ab
https://conda.anaconda.org/conda-forge/noarch/dask-core-2021.10.0-pyhd8ed1ab_0.tar.bz2#97a3efb8aaa0770de46294094a4b01c5
https://conda.anaconda.org/conda-forge/linux-64/editdistance-s-1.0.0-py38h1fd1430_2.tar.bz2#482431310c7b3320a31c8c6ce82a7a15
https://conda.anaconda.org/conda-forge/noarch/flake8-4.0.1-pyhd8ed1ab_1.tar.bz2#ebcd260142f408f587dafc01170a32f2
https://conda.anaconda.org/conda-forge/noarch/importlib_metadata-4.2.0-hd8ed1ab_0.tar.bz2#0213ccecb06d99c195f126d1ad595beb
https://conda.anaconda.org/conda-forge/noarch/jinja2-3.0.2-pyhd8ed1ab_0.tar.bz2#63bce5b7963c5f50273bd86a57b82272
https://conda.anaconda.org/conda-forge/linux-64/libnetcdf-4.8.1-mpi_mpich_h319fa22_1.tar.bz2#7583fbaea3648f692c0c019254bc196c
https://conda.anaconda.org/conda-forge/linux-64/matplotlib-base-3.4.3-py38hf4fb855_1.tar.bz2#b5048e730b8f0f311d2ed6fc8e7272dc
https://conda.anaconda.org/conda-forge/noarch/nodeenv-1.6.0-pyhd8ed1ab_0.tar.bz2#0941325bf48969e2b3b19d0951740950
https://conda.anaconda.org/conda-forge/linux-64/pandas-1.3.4-py38h43a58ef_0.tar.bz2#550747d04e06b4100acaf26972abd495
https://conda.anaconda.org/conda-forge/linux-64/pyproj-3.2.1-py38h80797bf_2.tar.bz2#16dcd2dbd3e3c891dea1699f59b306eb
https://conda.anaconda.org/conda-forge/linux-64/pytest-6.2.5-py38h578d9bd_1.tar.bz2#02d56900cb93cc2b397bffbca960932c
https://conda.anaconda.org/conda-forge/linux-64/scipy-1.7.1-py38h56a6a73_0.tar.bz2#e0bd5a4f2a9b23fb5a708871c9c06e0a
https://conda.anaconda.org/conda-forge/linux-64/shapely-1.8.0-py38hf7953bd_1.tar.bz2#5026c2ceb913ac4307a77e5a39312e17
https://conda.anaconda.org/conda-forge/noarch/argcomplete-1.12.3-pyhd8ed1ab_2.tar.bz2#b8152341fc3fc9880c6e1b9d188974e5
https://conda.anaconda.org/conda-forge/linux-64/bokeh-2.4.1-py38h578d9bd_1.tar.bz2#4dba5983f08839067b4d2d9d7c49fd44
https://conda.anaconda.org/conda-forge/linux-64/cartopy-0.20.1-py38h4de569d_2.tar.bz2#cf892c178ea09d5e013b6a47f16730a9
https://conda.anaconda.org/conda-forge/linux-64/cf-units-3.0.1.post0-py38h6c62de6_0.tar.bz2#450b1b71703889cbda24c0181a4ce89a
https://conda.anaconda.org/conda-forge/linux-64/distributed-2021.10.0-py38h578d9bd_0.tar.bz2#c48e55936e64e0641c2a83fd14a91401
https://conda.anaconda.org/conda-forge/noarch/flake8-docstrings-1.6.0-pyhd8ed1ab_0.tar.bz2#dea85c9bee98ef38c90fa7348f7fa333
https://conda.anaconda.org/conda-forge/noarch/flake8-import-order-0.18.1-py_0.tar.bz2#b3fca0d4b267be46b6d38fa77bf36f9a
https://conda.anaconda.org/conda-forge/noarch/identify-2.3.3-pyhd8ed1ab_0.tar.bz2#35faf30f6602ba6f6e44da73aa4c9df3
https://conda.anaconda.org/conda-forge/linux-64/netcdf-fortran-4.5.3-mpi_mpich_h1364a43_6.tar.bz2#9caa0cf923af3d037897c6d7f8ea57c0
https://conda.anaconda.org/conda-forge/linux-64/netcdf4-1.5.8-nompi_py38h2823cc8_100.tar.bz2#fd553c34e017960a28b5799ce3800318
https://conda.anaconda.org/conda-forge/noarch/pyopenssl-21.0.0-pyhd8ed1ab_0.tar.bz2#8c49efecb7dca466e18b06015e8c88ce
https://conda.anaconda.org/conda-forge/noarch/pytest-cov-3.0.0-pyhd8ed1ab_0.tar.bz2#0f7cac11bb696b62d378bde725bfc3eb
https://conda.anaconda.org/conda-forge/noarch/dask-2021.10.0-pyhd8ed1ab_0.tar.bz2#ef63e6ee7aadcb45083228132fbc8058
https://conda.anaconda.org/conda-forge/linux-64/esmf-8.2.0-mpi_mpich_h4975321_100.tar.bz2#56f5c650937b1667ad0a557a0dff3bc4
https://conda.anaconda.org/conda-forge/noarch/nox-2021.10.1-pyhd8ed1ab_0.tar.bz2#c29de03dc9c5595cb011a6b2204c14f5
https://conda.anaconda.org/conda-forge/linux-64/pre-commit-2.15.0-py38h578d9bd_0.tar.bz2#100bf2896c8e61ce39e323ba8f6360fd
https://conda.anaconda.org/conda-forge/noarch/urllib3-1.26.7-pyhd8ed1ab_0.tar.bz2#be75bab4820a56f77ba1a3fc9139c36a
https://conda.anaconda.org/conda-forge/linux-64/esmpy-8.2.0-mpi_mpich_py38h9147699_100.tar.bz2#e463f8b47082bcf37b80ce0b3eaa9931
https://conda.anaconda.org/conda-forge/linux-64/iris-3.1.0-py38h578d9bd_1.tar.bz2#95f79458d9686c6af0ff3d471c192e0d
https://conda.anaconda.org/conda-forge/noarch/requests-2.26.0-pyhd8ed1ab_0.tar.bz2#0ed2ccbde6db9dd5789068eb7194463f
https://conda.anaconda.org/conda-forge/noarch/codecov-2.1.11-pyhd3deb0d_0.tar.bz2#9c661c2c14b4667827218402e6624ad5
