# Generated by conda-lock.
# platform: linux-64
# input_hash: be5026d633e672ef78d703c15fcbe285e65621fcd48e2bf47b2c9ba916ea1704
@EXPLICIT
https://conda.anaconda.org/conda-forge/linux-64/_libgcc_mutex-0.1-conda_forge.tar.bz2#d7c89558ba9fa0495403155b64376d81
https://conda.anaconda.org/conda-forge/linux-64/ca-certificates-2021.5.30-ha878542_0.tar.bz2#6a777890e94194dc94a29a76d2a7e721
https://conda.anaconda.org/conda-forge/linux-64/ld_impl_linux-64-2.36.1-hea4e1c9_2.tar.bz2#bd4f2e711b39af170e7ff15163fe87ee
https://conda.anaconda.org/conda-forge/linux-64/libgfortran5-11.2.0-h5c6108e_9.tar.bz2#f362f9467166efd3b264349605474d89
https://conda.anaconda.org/conda-forge/linux-64/libstdcxx-ng-11.2.0-he4da1e4_9.tar.bz2#a41b94921f55a353a8bbf5bb8d5ca335
https://conda.anaconda.org/conda-forge/linux-64/mpi-1.0-mpich.tar.bz2#c1fcff3417b5a22bbc4cf6e8c23648cf
https://conda.anaconda.org/conda-forge/linux-64/libgfortran-ng-11.2.0-h69a702a_9.tar.bz2#0860102e0e9f137fa64dbd7c816cf16a
https://conda.anaconda.org/conda-forge/linux-64/libgomp-11.2.0-h1d223b6_9.tar.bz2#1090e28709184ec3d2f6ad6abd55fa31
https://conda.anaconda.org/conda-forge/linux-64/_openmp_mutex-4.5-1_gnu.tar.bz2#561e277319a41d4f24f5c05a9ef63c04
https://conda.anaconda.org/conda-forge/linux-64/libgcc-ng-11.2.0-h1d223b6_9.tar.bz2#84b1ec6f5b2d21968add479348515bba
https://conda.anaconda.org/conda-forge/linux-64/bzip2-1.0.8-h7f98852_4.tar.bz2#a1fd65c7ccbf10880423d82bca54eb54
https://conda.anaconda.org/conda-forge/linux-64/c-ares-1.17.2-h7f98852_0.tar.bz2#a25871010e5104556045aa01850fbddf
https://conda.anaconda.org/conda-forge/linux-64/expat-2.4.1-h9c3ff4c_0.tar.bz2#16054ef3cb3ec5d8d29d08772662f65d
https://conda.anaconda.org/conda-forge/linux-64/geos-3.9.1-h9c3ff4c_2.tar.bz2#b9a6d9422aed3ad84ec6ccee9bfcaa0f
https://conda.anaconda.org/conda-forge/linux-64/jbig-2.1-h7f98852_2003.tar.bz2#1aa0cee79792fa97b7ff4545110b60bf
https://conda.anaconda.org/conda-forge/linux-64/jpeg-9d-h36c2ea0_0.tar.bz2#ea02ce6037dbe81803ae6123e5ba1568
https://conda.anaconda.org/conda-forge/linux-64/lerc-2.2.1-h9c3ff4c_0.tar.bz2#ea833dcaeb9e7ac4fac521f1a7abec82
https://conda.anaconda.org/conda-forge/linux-64/libdeflate-1.7-h7f98852_5.tar.bz2#10e242842cd30c59c12d79371dc0f583
https://conda.anaconda.org/conda-forge/linux-64/libev-4.33-h516909a_1.tar.bz2#6f8720dff19e17ce5d48cfe7f3d2f0a3
https://conda.anaconda.org/conda-forge/linux-64/libffi-3.4.2-h9c3ff4c_4.tar.bz2#dea515312db9d4788e52c2edfc657635
https://conda.anaconda.org/conda-forge/linux-64/libopenblas-0.3.17-pthreads_h8fe5266_1.tar.bz2#7f96c04618e952e0f9d94d5e07545a71
https://conda.anaconda.org/conda-forge/linux-64/libwebp-base-1.2.1-h7f98852_0.tar.bz2#90607c4c0247f04ec98b48997de71c1a
https://conda.anaconda.org/conda-forge/linux-64/libzlib-1.2.11-h36c2ea0_1012.tar.bz2#894107990fedace075ce924c6cf84c2b
https://conda.anaconda.org/conda-forge/linux-64/lz4-c-1.9.3-h9c3ff4c_1.tar.bz2#fbe97e8fa6f275d7c76a09e795adc3e6
https://conda.anaconda.org/conda-forge/linux-64/mpich-3.4.2-h846660c_100.tar.bz2#0868d02349fc7e128d4bdc515b58dd7e
https://conda.anaconda.org/conda-forge/linux-64/ncurses-6.2-h58526e2_4.tar.bz2#509f2a21c4a09214cd737a480dfd80c9
https://conda.anaconda.org/conda-forge/linux-64/openssl-1.1.1l-h7f98852_0.tar.bz2#de7b38a1542dbe6f41653a8ae71adc53
https://conda.anaconda.org/conda-forge/linux-64/xxhash-0.8.0-h7f98852_3.tar.bz2#52402c791f35e414e704b7a113f99605
https://conda.anaconda.org/conda-forge/linux-64/xz-5.2.5-h516909a_1.tar.bz2#33f601066901f3e1a85af3522a8113f9
https://conda.anaconda.org/conda-forge/linux-64/yaml-0.2.5-h516909a_0.tar.bz2#03a530e925414902547cf48da7756db8
https://conda.anaconda.org/conda-forge/linux-64/libblas-3.9.0-11_linux64_openblas.tar.bz2#b8a498e2cac5746b808d5961cb584a13
https://conda.anaconda.org/conda-forge/linux-64/libedit-3.1.20191231-he28a2e2_2.tar.bz2#4d331e44109e3f0e19b4cb8f9b82f3e1
https://conda.anaconda.org/conda-forge/linux-64/readline-8.1-h46c0cb4_0.tar.bz2#5788de3c8d7a7d64ac56c784c4ef48e6
https://conda.anaconda.org/conda-forge/linux-64/udunits2-2.2.27.27-hc3e0081_2.tar.bz2#91f5207ecab9bab80964f49dfd81dbcc
https://conda.anaconda.org/conda-forge/linux-64/zlib-1.2.11-h36c2ea0_1012.tar.bz2#5104659658f5e7fedec2167b70caafb4
https://conda.anaconda.org/conda-forge/linux-64/hdf4-4.2.15-h10796ff_3.tar.bz2#21a8d66dc17f065023b33145c42652fe
https://conda.anaconda.org/conda-forge/linux-64/libcblas-3.9.0-11_linux64_openblas.tar.bz2#59bf439337c9ec59297f701e4ee97e09
https://conda.anaconda.org/conda-forge/linux-64/liblapack-3.9.0-11_linux64_openblas.tar.bz2#00d3680586af1f0689398b080e273cbb
https://conda.anaconda.org/conda-forge/linux-64/libnghttp2-1.43.0-h812cca2_1.tar.bz2#d0a7846b7b3b8fb0d8b36904a53b8155
https://conda.anaconda.org/conda-forge/linux-64/libpng-1.6.37-h21135ba_2.tar.bz2#b6acf807307d033d4b7e758b4f44b036
https://conda.anaconda.org/conda-forge/linux-64/libssh2-1.10.0-ha56f1ee_2.tar.bz2#6ab4eaa11ff01801cffca0a27489dc04
https://conda.anaconda.org/conda-forge/linux-64/libzip-1.8.0-h4de3113_1.tar.bz2#175a746a43d42c053b91aa765fbc197d
https://conda.anaconda.org/conda-forge/linux-64/sqlite-3.36.0-h9cd32fc_2.tar.bz2#3588c2c6cb9f9bcc65b544ab1c715d60
https://conda.anaconda.org/conda-forge/linux-64/tk-8.6.11-h27826a3_1.tar.bz2#84e76fb280e735fec1efd2d21fd9cb27
https://conda.anaconda.org/conda-forge/linux-64/zstd-1.5.0-ha95c52a_0.tar.bz2#b56f94865e2de36abf054e7bfa499034
https://conda.anaconda.org/conda-forge/linux-64/freetype-2.10.4-h0708190_1.tar.bz2#4a06f2ac2e5bfae7b6b245171c3f07aa
https://conda.anaconda.org/conda-forge/linux-64/krb5-1.19.2-hcc1bbae_2.tar.bz2#2094cf6b08a571cecf7fa332152e6461
https://conda.anaconda.org/conda-forge/linux-64/libtiff-4.3.0-hf544144_1.tar.bz2#a65a4158716bd7d95bfa69bcfd83081c
https://conda.anaconda.org/conda-forge/linux-64/python-3.8.12-hb7a2778_1_cpython.tar.bz2#775bb3a23a9b1b529e0cd06bd0091adf
https://conda.anaconda.org/conda-forge/noarch/appdirs-1.4.4-pyh9f0ad1d_0.tar.bz2#5f095bc6454094e96f146491fd03633b
https://conda.anaconda.org/conda-forge/noarch/attrs-21.2.0-pyhd8ed1ab_0.tar.bz2#d2e1c7f388ac403df7079b411c37cc50
https://conda.anaconda.org/conda-forge/noarch/cfgv-3.3.1-pyhd8ed1ab_0.tar.bz2#ebb5f5f7dc4f1a3780ef7ea7738db08c
https://conda.anaconda.org/conda-forge/noarch/cloudpickle-2.0.0-pyhd8ed1ab_0.tar.bz2#3a8fc8b627d5fb6af827e126a10a86c6
https://conda.anaconda.org/conda-forge/noarch/dataclasses-0.8-pyhc8e2a94_3.tar.bz2#a362b2124b06aad102e2ee4581acee7d
https://conda.anaconda.org/conda-forge/noarch/distlib-0.3.3-pyhd8ed1ab_0.tar.bz2#cc7dae067bb31c1598e23e151dfca986
https://conda.anaconda.org/conda-forge/noarch/filelock-3.1.0-pyhd8ed1ab_1.tar.bz2#877448d147b6a8743faff6def7604b49
https://conda.anaconda.org/conda-forge/noarch/fsspec-2021.9.0-pyhd8ed1ab_0.tar.bz2#46cf1fba8caddd0ab7b5869d8a010d29
https://conda.anaconda.org/conda-forge/noarch/heapdict-1.0.1-py_0.tar.bz2#77242bfb1e74a627fb06319b5a2d3b95
https://conda.anaconda.org/conda-forge/noarch/iniconfig-1.1.1-pyh9f0ad1d_0.tar.bz2#39161f81cc5e5ca45b8226fbb06c6905
https://conda.anaconda.org/conda-forge/linux-64/lcms2-2.12-hddcbb42_0.tar.bz2#797117394a4aa588de6d741b06fad80f
https://conda.anaconda.org/conda-forge/linux-64/libcurl-7.79.1-h2574ce0_1.tar.bz2#7df45d44314d8ed15453dbe9f6c125db
https://conda.anaconda.org/conda-forge/noarch/locket-0.2.0-py_2.tar.bz2#709e8671651c7ec3d1ad07800339ff1d
https://conda.anaconda.org/conda-forge/noarch/mccabe-0.6.1-py_1.tar.bz2#a326cb400c1ccd91789f3e7d02124d61
https://conda.anaconda.org/conda-forge/noarch/more-itertools-8.10.0-pyhd8ed1ab_0.tar.bz2#24a4379cfc9ba76a7ad238e5c32a6c68
https://conda.anaconda.org/conda-forge/noarch/olefile-0.46-pyh9f0ad1d_1.tar.bz2#0b2e68acc8c78c8cc392b90983481f58
https://conda.anaconda.org/conda-forge/linux-64/openjpeg-2.4.0-hb52868f_1.tar.bz2#b7ad78ad2e9ee155f59e6428406ee824
https://conda.anaconda.org/conda-forge/noarch/pathspec-0.9.0-pyhd8ed1ab_0.tar.bz2#f93dc0ccbc0a8472624165f6e256c7d1
https://conda.anaconda.org/conda-forge/noarch/py-1.10.0-pyhd3deb0d_0.tar.bz2#88ca1328ecc79a070214aa24911bace8
https://conda.anaconda.org/conda-forge/noarch/pycodestyle-2.7.0-pyhd8ed1ab_0.tar.bz2#0234673eb2ecfbdf4e54574ab4d95f81
https://conda.anaconda.org/conda-forge/noarch/pycparser-2.20-pyh9f0ad1d_2.tar.bz2#aa798d50ffd182a0f6f31478c7f434f6
https://conda.anaconda.org/conda-forge/noarch/pyflakes-2.3.1-pyhd8ed1ab_0.tar.bz2#01e9ada82bd261ee2b6366aa832018cc
https://conda.anaconda.org/conda-forge/noarch/pyparsing-2.4.7-pyh9f0ad1d_0.tar.bz2#626c4f20d5bf06dcec9cf2eaa31725c7
https://conda.anaconda.org/conda-forge/noarch/pyshp-2.1.3-pyh44b312d_0.tar.bz2#2d1867b980785eb44b8122184d8b42a6
https://conda.anaconda.org/conda-forge/linux-64/python_abi-3.8-2_cp38.tar.bz2#bfbb29d517281e78ac53e48d21e6e860
https://conda.anaconda.org/conda-forge/noarch/pytz-2021.1-pyhd8ed1ab_0.tar.bz2#3af2e9424d5eb0063824a3f9b850d411
https://conda.anaconda.org/conda-forge/noarch/six-1.16.0-pyh6c4a22f_0.tar.bz2#e5f25f8dbc060e9a8d912e432202afc2
https://conda.anaconda.org/conda-forge/noarch/snowballstemmer-2.1.0-pyhd8ed1ab_0.tar.bz2#f1d64c0cf0eedf655a96ccdc1573c05a
https://conda.anaconda.org/conda-forge/noarch/sortedcontainers-2.4.0-pyhd8ed1ab_0.tar.bz2#6d6552722448103793743dabfbda532d
https://conda.anaconda.org/conda-forge/noarch/tblib-1.7.0-pyhd8ed1ab_0.tar.bz2#3d4afc31302aa7be471feb6be048ed76
https://conda.anaconda.org/conda-forge/noarch/toml-0.10.2-pyhd8ed1ab_0.tar.bz2#f832c45a477c78bebd107098db465095
https://conda.anaconda.org/conda-forge/noarch/toolz-0.11.1-py_0.tar.bz2#d1e66b58cb00b3817ad9f05eec098c00
https://conda.anaconda.org/conda-forge/noarch/typing_extensions-3.10.0.2-pyha770c72_0.tar.bz2#85dfd487a244bbe2cf7019ce8a39b5bc
https://conda.anaconda.org/conda-forge/noarch/zipp-3.5.0-pyhd8ed1ab_0.tar.bz2#f9dd05a5ed6b81c91f097e3739107a74
https://conda.anaconda.org/conda-forge/linux-64/antlr-python-runtime-4.7.2-py38h578d9bd_1002.tar.bz2#2b2207e2c8a05fc0bc5b62fc32c355e6
https://conda.anaconda.org/conda-forge/linux-64/certifi-2021.5.30-py38h578d9bd_0.tar.bz2#a2e14464711f8e76010cd7e0c49bc4ae
https://conda.anaconda.org/conda-forge/linux-64/cffi-1.14.6-py38h3931269_1.tar.bz2#01a5442b5cc3c7e901823fd70fb1aeb5
https://conda.anaconda.org/conda-forge/linux-64/click-8.0.1-py38h578d9bd_0.tar.bz2#45426acde32f0ddd94dcee3478fd13e3
https://conda.anaconda.org/conda-forge/linux-64/colorlog-4.8.0-py38h578d9bd_0.tar.bz2#10f4a096d944daca220cfbea6bdc905a
https://conda.anaconda.org/conda-forge/linux-64/curl-7.79.1-h2574ce0_1.tar.bz2#3696bc993fbd6b316df13ea18b397b92
https://conda.anaconda.org/conda-forge/noarch/cycler-0.10.0-py_2.tar.bz2#f6d7c7e6d8f42cbbec7e07a8d879f91c
https://conda.anaconda.org/conda-forge/linux-64/cytoolz-0.11.0-py38h497a2fe_3.tar.bz2#45568bae22c3825f22b631101ecbad35
https://conda.anaconda.org/conda-forge/linux-64/hdf5-1.12.1-mpi_mpich_h9c45103_0.tar.bz2#9a62ae44bbd9d891824816c452491f49
https://conda.anaconda.org/conda-forge/linux-64/importlib-metadata-4.8.1-py38h578d9bd_0.tar.bz2#2e668abea4a726f4a19941ddb8a3a9b6
https://conda.anaconda.org/conda-forge/linux-64/kiwisolver-1.3.2-py38h1fd1430_0.tar.bz2#1cf3f2fddcf688445da9cd81dc4deb0e
https://conda.anaconda.org/conda-forge/linux-64/markupsafe-2.0.1-py38h497a2fe_0.tar.bz2#d075babffd68330d81b0488a45435698
https://conda.anaconda.org/conda-forge/linux-64/mpi4py-3.1.1-py38he865349_0.tar.bz2#7c6a124e6e8f67b0c7b7dd213a303eb2
https://conda.anaconda.org/conda-forge/linux-64/msgpack-python-1.0.2-py38h1fd1430_1.tar.bz2#5854c568e0d341313fb0a6487f1c687e
https://conda.anaconda.org/conda-forge/linux-64/mypy_extensions-0.4.3-py38h578d9bd_3.tar.bz2#2821575c3884edf40e02cf1966e1c504
https://conda.anaconda.org/conda-forge/linux-64/numpy-1.21.2-py38he2449b9_0.tar.bz2#fc5fb618e69a9ac73a5885c35620b08a
https://conda.anaconda.org/conda-forge/noarch/packaging-21.0-pyhd8ed1ab_0.tar.bz2#45cfb8e482b5cce8f07c87e0e19a592c
https://conda.anaconda.org/conda-forge/noarch/partd-1.2.0-pyhd8ed1ab_0.tar.bz2#0c32f563d7f22e3a34c95cad8cc95651
https://conda.anaconda.org/conda-forge/linux-64/pillow-8.3.2-py38h8e6f84c_0.tar.bz2#68380ec51fcf6f0de1474d59a6f2e81b
https://conda.anaconda.org/conda-forge/linux-64/pluggy-1.0.0-py38h578d9bd_1.tar.bz2#3a821ae72133a1227ce564f176a78d3c
https://conda.anaconda.org/conda-forge/linux-64/proj-8.1.1-h277dcde_2.tar.bz2#f2dd8fd358ceab06812fafc0ffe109b1
https://conda.anaconda.org/conda-forge/linux-64/psutil-5.8.0-py38h497a2fe_1.tar.bz2#3c465545aa3cec37f8f1341546677956
https://conda.anaconda.org/conda-forge/noarch/pydocstyle-6.1.1-pyhd8ed1ab_0.tar.bz2#e417954a987d382b3142886726ab3aad
https://conda.anaconda.org/conda-forge/noarch/python-dateutil-2.8.2-pyhd8ed1ab_0.tar.bz2#dd999d1cc9f79e67dbb855c8924c7984
https://conda.anaconda.org/conda-forge/linux-64/python-xxhash-2.0.2-py38h497a2fe_0.tar.bz2#27b37e3f79205080b573442445ed727b
https://conda.anaconda.org/conda-forge/linux-64/pyyaml-5.4.1-py38h497a2fe_1.tar.bz2#7e738dbfefe123471d1d24c005cdd168
https://conda.anaconda.org/conda-forge/linux-64/regex-2021.9.30-py38h497a2fe_0.tar.bz2#2730171d39136041955bea5b997e445c
https://conda.anaconda.org/conda-forge/linux-64/setuptools-58.0.4-py38h578d9bd_2.tar.bz2#7bd4e7c123409db8ef141c2b8425177a
https://conda.anaconda.org/conda-forge/linux-64/tornado-6.1-py38h497a2fe_1.tar.bz2#e772c8383768280af283e814e2126663
https://conda.anaconda.org/conda-forge/linux-64/typed-ast-1.4.3-py38h497a2fe_0.tar.bz2#f4a5eeaccf5c5bab10491071ea2e32b1
https://conda.anaconda.org/conda-forge/linux-64/virtualenv-20.4.7-py38h578d9bd_0.tar.bz2#24b5e0295c43de15a51afb00f93a41de
https://conda.anaconda.org/conda-forge/noarch/zict-2.0.0-py_0.tar.bz2#4750152be22f24d695b3004c5e1712d3
https://conda.anaconda.org/conda-forge/linux-64/asv-0.4.2-py38h709712a_2.tar.bz2#4659f315fc42e671606fbcd1b9234f75
https://conda.anaconda.org/conda-forge/noarch/black-20.8b1-py_1.tar.bz2#e555d6b71ec916c3dc4e6e3793cc9796
https://conda.anaconda.org/conda-forge/linux-64/cftime-1.5.1-py38h6c62de6_0.tar.bz2#4eaa612d6b67966333f1cd9453305d71
https://conda.anaconda.org/conda-forge/noarch/dask-core-2021.9.1-pyhd8ed1ab_0.tar.bz2#d38922a4d6c96adef5ea38aad3965855
https://conda.anaconda.org/conda-forge/linux-64/editdistance-s-1.0.0-py38h1fd1430_1.tar.bz2#03bbd69539712a691b0a43bd4a49976e
https://conda.anaconda.org/conda-forge/noarch/flake8-3.9.2-pyhd8ed1ab_0.tar.bz2#37d685abea0a25c921431edda02ad143
https://conda.anaconda.org/conda-forge/noarch/importlib_metadata-4.8.1-hd8ed1ab_0.tar.bz2#ce811c521c3a02d7c8ace1cfbd2a0bcd
https://conda.anaconda.org/conda-forge/noarch/jinja2-3.0.1-pyhd8ed1ab_0.tar.bz2#c647e77921fd3e245cdcc5b2d451a0f8
https://conda.anaconda.org/conda-forge/linux-64/libnetcdf-4.8.1-mpi_mpich_h319fa22_1.tar.bz2#7583fbaea3648f692c0c019254bc196c
https://conda.anaconda.org/conda-forge/linux-64/matplotlib-base-3.4.3-py38hf4fb855_1.tar.bz2#b5048e730b8f0f311d2ed6fc8e7272dc
https://conda.anaconda.org/conda-forge/noarch/nodeenv-1.6.0-pyhd8ed1ab_0.tar.bz2#0941325bf48969e2b3b19d0951740950
https://conda.anaconda.org/conda-forge/linux-64/pandas-1.3.3-py38h43a58ef_0.tar.bz2#0b22b7a9e57e4ce2184fafce3d20a15f
https://conda.anaconda.org/conda-forge/linux-64/pyproj-3.2.1-py38h80797bf_2.tar.bz2#16dcd2dbd3e3c891dea1699f59b306eb
https://conda.anaconda.org/conda-forge/linux-64/pytest-6.2.5-py38h578d9bd_0.tar.bz2#6b3a34fbca2ca31021b928e14df964b4
https://conda.anaconda.org/conda-forge/linux-64/scipy-1.7.1-py38h56a6a73_0.tar.bz2#e0bd5a4f2a9b23fb5a708871c9c06e0a
https://conda.anaconda.org/conda-forge/linux-64/shapely-1.7.1-py38hb7fe4a8_5.tar.bz2#84d4f1c56cdc670e0531baea26dfd16b
https://conda.anaconda.org/conda-forge/noarch/argcomplete-1.12.3-pyhd8ed1ab_2.tar.bz2#b8152341fc3fc9880c6e1b9d188974e5
https://conda.anaconda.org/conda-forge/linux-64/bokeh-2.4.0-py38h578d9bd_0.tar.bz2#8c28c28dcb4427b0f596342860f20e63
https://conda.anaconda.org/conda-forge/linux-64/cartopy-0.20.0-py38hf9a4893_2.tar.bz2#a6d2d04c19df31471d9b940233b02c2d
https://conda.anaconda.org/conda-forge/linux-64/cf-units-3.0.1.post0-py38h6c62de6_0.tar.bz2#450b1b71703889cbda24c0181a4ce89a
https://conda.anaconda.org/conda-forge/linux-64/distributed-2021.9.1-py38h578d9bd_0.tar.bz2#6f0c5b3f37887677f1a37b0d0166de0e
https://conda.anaconda.org/conda-forge/noarch/flake8-docstrings-1.6.0-pyhd8ed1ab_0.tar.bz2#dea85c9bee98ef38c90fa7348f7fa333
https://conda.anaconda.org/conda-forge/noarch/flake8-import-order-0.18.1-py_0.tar.bz2#b3fca0d4b267be46b6d38fa77bf36f9a
https://conda.anaconda.org/conda-forge/noarch/identify-2.2.15-pyhd8ed1ab_0.tar.bz2#402809b0b32ac684383051fd4ba608cd
https://conda.anaconda.org/conda-forge/linux-64/netcdf-fortran-4.5.3-mpi_mpich_h1364a43_6.tar.bz2#9caa0cf923af3d037897c6d7f8ea57c0
https://conda.anaconda.org/conda-forge/linux-64/netcdf4-1.5.7-nompi_py38h2823cc8_103.tar.bz2#a8a7bb872275ca4f472b488120d99486
https://conda.anaconda.org/conda-forge/noarch/dask-2021.9.1-pyhd8ed1ab_0.tar.bz2#91d9ea7399ae9d47d774eca36be5e51f
https://conda.anaconda.org/conda-forge/linux-64/esmf-8.1.1-mpi_mpich_h4975321_102.tar.bz2#1ee3e15fc9f1b452207d260c2be568ec
https://conda.anaconda.org/conda-forge/noarch/nox-2021.6.12-pyhd8ed1ab_0.tar.bz2#f4eb352409f0e6c6a6aad5fadb5945d0
https://conda.anaconda.org/conda-forge/linux-64/pre-commit-2.15.0-py38h578d9bd_0.tar.bz2#100bf2896c8e61ce39e323ba8f6360fd
https://conda.anaconda.org/conda-forge/linux-64/esmpy-8.1.1-mpi_mpich_py38h9147699_101.tar.bz2#e227338d7d6b159d09bbdf09ed7410b7
https://conda.anaconda.org/conda-forge/linux-64/iris-3.1.0-py38h578d9bd_1.tar.bz2#95f79458d9686c6af0ff3d471c192e0d
